
Microsoft Visual Studio Solution File, Format Version 12.00
# Visual Studio 15
VisualStudioVersion = 15.0.28010.2048
MinimumVisualStudioVersion = 10.0.40219.1
Project("{2150E333-8FDC-42A3-9474-1A3956D46DE8}") = "Server", "Server", "{F0E13619-1DB4-4E11-8A75-F835DEA51CD6}"
EndProject
Project("{2150E333-8FDC-42A3-9474-1A3956D46DE8}") = "BLL", "BLL", "{9EA82A40-749F-4B3E-89DA-6B4A7C81BD48}"
EndProject
Project("{9A19103F-16F7-4668-BE54-9A1E7A4F7556}") = "Services.DTO", "server\Services.DTO\Services.DTO.csproj", "{03AF0BAB-A8D8-4525-AFAC-DD1E79C8ECBC}"
EndProject
Project("{9A19103F-16F7-4668-BE54-9A1E7A4F7556}") = "Services.Implementations", "server\Services.Implementations\Services.Implementations.csproj", "{6703B5B6-DA01-4B63-9B2B-2C7D2308C8C9}"
EndProject
Project("{9A19103F-16F7-4668-BE54-9A1E7A4F7556}") = "Services.Interfaces", "server\Services.Interfaces\Services.Interfaces.csproj", "{AD07E1F8-B915-4E90-9B2B-EBB5BA70094F}"
EndProject
Project("{2150E333-8FDC-42A3-9474-1A3956D46DE8}") = "DAL", "DAL", "{EF24FB35-148E-4B3C-98A7-7937BCC41AB9}"
EndProject
Project("{9A19103F-16F7-4668-BE54-9A1E7A4F7556}") = "DAL.Intarfaces", "server\DAL.Intarfaces\DAL.Intarfaces.csproj", "{578DDA9A-54B1-4821-A1BD-2E1E6850E51B}"
EndProject
Project("{9A19103F-16F7-4668-BE54-9A1E7A4F7556}") = "DAL.Implementations", "server\DAL.Implementations\DAL.Implementations.csproj", "{B5E75C43-E8AA-4B1A-A760-848C47BE22A8}"
EndProject
Project("{2150E333-8FDC-42A3-9474-1A3956D46DE8}") = "Core", "Core", "{C3A11229-D0E0-4D78-8802-D93519E746A1}"
EndProject
Project("{2150E333-8FDC-42A3-9474-1A3956D46DE8}") = "Tests", "Tests", "{D2B5F674-F18B-48A8-9F4F-32291BEAB726}"
EndProject
Project("{9A19103F-16F7-4668-BE54-9A1E7A4F7556}") = "Domain", "server\Domain\Domain.csproj", "{BBF93305-7973-4CE4-A0F7-8BD2C072115D}"
EndProject
Project("{9A19103F-16F7-4668-BE54-9A1E7A4F7556}") = "Contracts", "server\Contracts\Contracts.csproj", "{0DEEBD2D-97B7-4119-9F2B-2F39A6316ECD}"
EndProject
Project("{9A19103F-16F7-4668-BE54-9A1E7A4F7556}") = "Services.Infrastructure", "server\Services.Infrastructure\Services.Infrastructure.csproj", "{09667795-1EDA-4F4E-9E56-452CF8761F8C}"
EndProject
Project("{9A19103F-16F7-4668-BE54-9A1E7A4F7556}") = "DAL.Infrastructure", "server\DAL.Infrastructure\DAL.Infrastructure.csproj", "{8138136E-0C02-4852-A1C4-C6F7551B6AA8}"
EndProject
Project("{9A19103F-16F7-4668-BE54-9A1E7A4F7556}") = "Web.Core", "server\Web.Core\Web.Core.csproj", "{FCC982CC-D4E6-4706-A5C1-01F077EC5544}"
EndProject
Project("{2150E333-8FDC-42A3-9474-1A3956D46DE8}") = "ClearSkyMaps.Server", "ClearSkyMaps.Server", "{00177465-E819-4364-97FC-603B2218F6AE}"
EndProject
Project("{2150E333-8FDC-42A3-9474-1A3956D46DE8}") = "ClearSkyMaps.Client", "ClearSkyMaps.Client", "{7F6C714F-E8D4-411D-960D-E29DBEECB4C8}"
EndProject
Project("{FAE04EC0-301F-11D3-BF4B-00C04F79EFBC}") = "Mobile.Xamarin.Forms.Android", "client\Mobile.Xamarin.Forms\Mobile.Xamarin.Forms\Mobile.Xamarin.Forms.Android\Mobile.Xamarin.Forms.Android.csproj", "{A3EFD0FA-C772-4318-A245-C51FBB8E327B}"
EndProject
Project("{FAE04EC0-301F-11D3-BF4B-00C04F79EFBC}") = "Mobile.Xamarin.Forms.iOS", "client\Mobile.Xamarin.Forms\Mobile.Xamarin.Forms\Mobile.Xamarin.Forms.iOS\Mobile.Xamarin.Forms.iOS.csproj", "{A6B29C6A-845C-49D1-BB29-DD9CD9AEDE18}"
EndProject
Project("{9A19103F-16F7-4668-BE54-9A1E7A4F7556}") = "Mobile.Xamarin.Forms", "client\Mobile.Xamarin.Forms\Mobile.Xamarin.Forms\Mobile.Xamarin.Forms\Mobile.Xamarin.Forms.csproj", "{A2E07FC2-9392-4A77-B26B-0D3AC1A3D479}"
EndProject
Project("{2150E333-8FDC-42A3-9474-1A3956D46DE8}") = "ClearSkyMaps.Shared", "ClearSkyMaps.Shared", "{536B3542-0063-4EE2-BF79-6028BF9E3F65}"
EndProject
Project("{9A19103F-16F7-4668-BE54-9A1E7A4F7556}") = "Shared.Core", "shared\Shared.Core\Shared.Core.csproj", "{B3C9814F-A923-4975-A929-EAC2C6267758}"
EndProject
Global
	GlobalSection(SolutionConfigurationPlatforms) = preSolution
		Ad-Hoc|Any CPU = Ad-Hoc|Any CPU
		Ad-Hoc|iPhone = Ad-Hoc|iPhone
		Ad-Hoc|iPhoneSimulator = Ad-Hoc|iPhoneSimulator
		AppStore|Any CPU = AppStore|Any CPU
		AppStore|iPhone = AppStore|iPhone
		AppStore|iPhoneSimulator = AppStore|iPhoneSimulator
		Debug|Any CPU = Debug|Any CPU
		Debug|iPhone = Debug|iPhone
		Debug|iPhoneSimulator = Debug|iPhoneSimulator
		Release|Any CPU = Release|Any CPU
		Release|iPhone = Release|iPhone
		Release|iPhoneSimulator = Release|iPhoneSimulator
	EndGlobalSection
	GlobalSection(ProjectConfigurationPlatforms) = postSolution
		{03AF0BAB-A8D8-4525-AFAC-DD1E79C8ECBC}.Ad-Hoc|Any CPU.ActiveCfg = Release|Any CPU
		{03AF0BAB-A8D8-4525-AFAC-DD1E79C8ECBC}.Ad-Hoc|Any CPU.Build.0 = Release|Any CPU
		{03AF0BAB-A8D8-4525-AFAC-DD1E79C8ECBC}.Ad-Hoc|iPhone.ActiveCfg = Release|Any CPU
		{03AF0BAB-A8D8-4525-AFAC-DD1E79C8ECBC}.Ad-Hoc|iPhone.Build.0 = Release|Any CPU
		{03AF0BAB-A8D8-4525-AFAC-DD1E79C8ECBC}.Ad-Hoc|iPhoneSimulator.ActiveCfg = Release|Any CPU
		{03AF0BAB-A8D8-4525-AFAC-DD1E79C8ECBC}.Ad-Hoc|iPhoneSimulator.Build.0 = Release|Any CPU
		{03AF0BAB-A8D8-4525-AFAC-DD1E79C8ECBC}.AppStore|Any CPU.ActiveCfg = Release|Any CPU
		{03AF0BAB-A8D8-4525-AFAC-DD1E79C8ECBC}.AppStore|Any CPU.Build.0 = Release|Any CPU
		{03AF0BAB-A8D8-4525-AFAC-DD1E79C8ECBC}.AppStore|iPhone.ActiveCfg = Release|Any CPU
		{03AF0BAB-A8D8-4525-AFAC-DD1E79C8ECBC}.AppStore|iPhone.Build.0 = Release|Any CPU
		{03AF0BAB-A8D8-4525-AFAC-DD1E79C8ECBC}.AppStore|iPhoneSimulator.ActiveCfg = Release|Any CPU
		{03AF0BAB-A8D8-4525-AFAC-DD1E79C8ECBC}.AppStore|iPhoneSimulator.Build.0 = Release|Any CPU
		{03AF0BAB-A8D8-4525-AFAC-DD1E79C8ECBC}.Debug|Any CPU.ActiveCfg = Debug|Any CPU
		{03AF0BAB-A8D8-4525-AFAC-DD1E79C8ECBC}.Debug|Any CPU.Build.0 = Debug|Any CPU
		{03AF0BAB-A8D8-4525-AFAC-DD1E79C8ECBC}.Debug|iPhone.ActiveCfg = Debug|Any CPU
		{03AF0BAB-A8D8-4525-AFAC-DD1E79C8ECBC}.Debug|iPhone.Build.0 = Debug|Any CPU
		{03AF0BAB-A8D8-4525-AFAC-DD1E79C8ECBC}.Debug|iPhoneSimulator.ActiveCfg = Debug|Any CPU
		{03AF0BAB-A8D8-4525-AFAC-DD1E79C8ECBC}.Debug|iPhoneSimulator.Build.0 = Debug|Any CPU
		{03AF0BAB-A8D8-4525-AFAC-DD1E79C8ECBC}.Release|Any CPU.ActiveCfg = Release|Any CPU
		{03AF0BAB-A8D8-4525-AFAC-DD1E79C8ECBC}.Release|Any CPU.Build.0 = Release|Any CPU
		{03AF0BAB-A8D8-4525-AFAC-DD1E79C8ECBC}.Release|iPhone.ActiveCfg = Release|Any CPU
		{03AF0BAB-A8D8-4525-AFAC-DD1E79C8ECBC}.Release|iPhone.Build.0 = Release|Any CPU
		{03AF0BAB-A8D8-4525-AFAC-DD1E79C8ECBC}.Release|iPhoneSimulator.ActiveCfg = Release|Any CPU
		{03AF0BAB-A8D8-4525-AFAC-DD1E79C8ECBC}.Release|iPhoneSimulator.Build.0 = Release|Any CPU
		{6703B5B6-DA01-4B63-9B2B-2C7D2308C8C9}.Ad-Hoc|Any CPU.ActiveCfg = Release|Any CPU
		{6703B5B6-DA01-4B63-9B2B-2C7D2308C8C9}.Ad-Hoc|Any CPU.Build.0 = Release|Any CPU
		{6703B5B6-DA01-4B63-9B2B-2C7D2308C8C9}.Ad-Hoc|iPhone.ActiveCfg = Release|Any CPU
		{6703B5B6-DA01-4B63-9B2B-2C7D2308C8C9}.Ad-Hoc|iPhone.Build.0 = Release|Any CPU
		{6703B5B6-DA01-4B63-9B2B-2C7D2308C8C9}.Ad-Hoc|iPhoneSimulator.ActiveCfg = Release|Any CPU
		{6703B5B6-DA01-4B63-9B2B-2C7D2308C8C9}.Ad-Hoc|iPhoneSimulator.Build.0 = Release|Any CPU
		{6703B5B6-DA01-4B63-9B2B-2C7D2308C8C9}.AppStore|Any CPU.ActiveCfg = Release|Any CPU
		{6703B5B6-DA01-4B63-9B2B-2C7D2308C8C9}.AppStore|Any CPU.Build.0 = Release|Any CPU
		{6703B5B6-DA01-4B63-9B2B-2C7D2308C8C9}.AppStore|iPhone.ActiveCfg = Release|Any CPU
		{6703B5B6-DA01-4B63-9B2B-2C7D2308C8C9}.AppStore|iPhone.Build.0 = Release|Any CPU
		{6703B5B6-DA01-4B63-9B2B-2C7D2308C8C9}.AppStore|iPhoneSimulator.ActiveCfg = Release|Any CPU
		{6703B5B6-DA01-4B63-9B2B-2C7D2308C8C9}.AppStore|iPhoneSimulator.Build.0 = Release|Any CPU
		{6703B5B6-DA01-4B63-9B2B-2C7D2308C8C9}.Debug|Any CPU.ActiveCfg = Debug|Any CPU
		{6703B5B6-DA01-4B63-9B2B-2C7D2308C8C9}.Debug|Any CPU.Build.0 = Debug|Any CPU
		{6703B5B6-DA01-4B63-9B2B-2C7D2308C8C9}.Debug|iPhone.ActiveCfg = Debug|Any CPU
		{6703B5B6-DA01-4B63-9B2B-2C7D2308C8C9}.Debug|iPhone.Build.0 = Debug|Any CPU
		{6703B5B6-DA01-4B63-9B2B-2C7D2308C8C9}.Debug|iPhoneSimulator.ActiveCfg = Debug|Any CPU
		{6703B5B6-DA01-4B63-9B2B-2C7D2308C8C9}.Debug|iPhoneSimulator.Build.0 = Debug|Any CPU
		{6703B5B6-DA01-4B63-9B2B-2C7D2308C8C9}.Release|Any CPU.ActiveCfg = Release|Any CPU
		{6703B5B6-DA01-4B63-9B2B-2C7D2308C8C9}.Release|Any CPU.Build.0 = Release|Any CPU
		{6703B5B6-DA01-4B63-9B2B-2C7D2308C8C9}.Release|iPhone.ActiveCfg = Release|Any CPU
		{6703B5B6-DA01-4B63-9B2B-2C7D2308C8C9}.Release|iPhone.Build.0 = Release|Any CPU
		{6703B5B6-DA01-4B63-9B2B-2C7D2308C8C9}.Release|iPhoneSimulator.ActiveCfg = Release|Any CPU
		{6703B5B6-DA01-4B63-9B2B-2C7D2308C8C9}.Release|iPhoneSimulator.Build.0 = Release|Any CPU
		{AD07E1F8-B915-4E90-9B2B-EBB5BA70094F}.Ad-Hoc|Any CPU.ActiveCfg = Release|Any CPU
		{AD07E1F8-B915-4E90-9B2B-EBB5BA70094F}.Ad-Hoc|Any CPU.Build.0 = Release|Any CPU
		{AD07E1F8-B915-4E90-9B2B-EBB5BA70094F}.Ad-Hoc|iPhone.ActiveCfg = Release|Any CPU
		{AD07E1F8-B915-4E90-9B2B-EBB5BA70094F}.Ad-Hoc|iPhone.Build.0 = Release|Any CPU
		{AD07E1F8-B915-4E90-9B2B-EBB5BA70094F}.Ad-Hoc|iPhoneSimulator.ActiveCfg = Release|Any CPU
		{AD07E1F8-B915-4E90-9B2B-EBB5BA70094F}.Ad-Hoc|iPhoneSimulator.Build.0 = Release|Any CPU
		{AD07E1F8-B915-4E90-9B2B-EBB5BA70094F}.AppStore|Any CPU.ActiveCfg = Release|Any CPU
		{AD07E1F8-B915-4E90-9B2B-EBB5BA70094F}.AppStore|Any CPU.Build.0 = Release|Any CPU
		{AD07E1F8-B915-4E90-9B2B-EBB5BA70094F}.AppStore|iPhone.ActiveCfg = Release|Any CPU
		{AD07E1F8-B915-4E90-9B2B-EBB5BA70094F}.AppStore|iPhone.Build.0 = Release|Any CPU
		{AD07E1F8-B915-4E90-9B2B-EBB5BA70094F}.AppStore|iPhoneSimulator.ActiveCfg = Release|Any CPU
		{AD07E1F8-B915-4E90-9B2B-EBB5BA70094F}.AppStore|iPhoneSimulator.Build.0 = Release|Any CPU
		{AD07E1F8-B915-4E90-9B2B-EBB5BA70094F}.Debug|Any CPU.ActiveCfg = Debug|Any CPU
		{AD07E1F8-B915-4E90-9B2B-EBB5BA70094F}.Debug|Any CPU.Build.0 = Debug|Any CPU
		{AD07E1F8-B915-4E90-9B2B-EBB5BA70094F}.Debug|iPhone.ActiveCfg = Debug|Any CPU
		{AD07E1F8-B915-4E90-9B2B-EBB5BA70094F}.Debug|iPhone.Build.0 = Debug|Any CPU
		{AD07E1F8-B915-4E90-9B2B-EBB5BA70094F}.Debug|iPhoneSimulator.ActiveCfg = Debug|Any CPU
		{AD07E1F8-B915-4E90-9B2B-EBB5BA70094F}.Debug|iPhoneSimulator.Build.0 = Debug|Any CPU
		{AD07E1F8-B915-4E90-9B2B-EBB5BA70094F}.Release|Any CPU.ActiveCfg = Release|Any CPU
		{AD07E1F8-B915-4E90-9B2B-EBB5BA70094F}.Release|Any CPU.Build.0 = Release|Any CPU
		{AD07E1F8-B915-4E90-9B2B-EBB5BA70094F}.Release|iPhone.ActiveCfg = Release|Any CPU
		{AD07E1F8-B915-4E90-9B2B-EBB5BA70094F}.Release|iPhone.Build.0 = Release|Any CPU
		{AD07E1F8-B915-4E90-9B2B-EBB5BA70094F}.Release|iPhoneSimulator.ActiveCfg = Release|Any CPU
		{AD07E1F8-B915-4E90-9B2B-EBB5BA70094F}.Release|iPhoneSimulator.Build.0 = Release|Any CPU
		{578DDA9A-54B1-4821-A1BD-2E1E6850E51B}.Ad-Hoc|Any CPU.ActiveCfg = Release|Any CPU
		{578DDA9A-54B1-4821-A1BD-2E1E6850E51B}.Ad-Hoc|Any CPU.Build.0 = Release|Any CPU
		{578DDA9A-54B1-4821-A1BD-2E1E6850E51B}.Ad-Hoc|iPhone.ActiveCfg = Release|Any CPU
		{578DDA9A-54B1-4821-A1BD-2E1E6850E51B}.Ad-Hoc|iPhone.Build.0 = Release|Any CPU
		{578DDA9A-54B1-4821-A1BD-2E1E6850E51B}.Ad-Hoc|iPhoneSimulator.ActiveCfg = Release|Any CPU
		{578DDA9A-54B1-4821-A1BD-2E1E6850E51B}.Ad-Hoc|iPhoneSimulator.Build.0 = Release|Any CPU
		{578DDA9A-54B1-4821-A1BD-2E1E6850E51B}.AppStore|Any CPU.ActiveCfg = Release|Any CPU
		{578DDA9A-54B1-4821-A1BD-2E1E6850E51B}.AppStore|Any CPU.Build.0 = Release|Any CPU
		{578DDA9A-54B1-4821-A1BD-2E1E6850E51B}.AppStore|iPhone.ActiveCfg = Release|Any CPU
		{578DDA9A-54B1-4821-A1BD-2E1E6850E51B}.AppStore|iPhone.Build.0 = Release|Any CPU
		{578DDA9A-54B1-4821-A1BD-2E1E6850E51B}.AppStore|iPhoneSimulator.ActiveCfg = Release|Any CPU
		{578DDA9A-54B1-4821-A1BD-2E1E6850E51B}.AppStore|iPhoneSimulator.Build.0 = Release|Any CPU
		{578DDA9A-54B1-4821-A1BD-2E1E6850E51B}.Debug|Any CPU.ActiveCfg = Debug|Any CPU
		{578DDA9A-54B1-4821-A1BD-2E1E6850E51B}.Debug|Any CPU.Build.0 = Debug|Any CPU
		{578DDA9A-54B1-4821-A1BD-2E1E6850E51B}.Debug|iPhone.ActiveCfg = Debug|Any CPU
		{578DDA9A-54B1-4821-A1BD-2E1E6850E51B}.Debug|iPhone.Build.0 = Debug|Any CPU
		{578DDA9A-54B1-4821-A1BD-2E1E6850E51B}.Debug|iPhoneSimulator.ActiveCfg = Debug|Any CPU
		{578DDA9A-54B1-4821-A1BD-2E1E6850E51B}.Debug|iPhoneSimulator.Build.0 = Debug|Any CPU
		{578DDA9A-54B1-4821-A1BD-2E1E6850E51B}.Release|Any CPU.ActiveCfg = Release|Any CPU
		{578DDA9A-54B1-4821-A1BD-2E1E6850E51B}.Release|Any CPU.Build.0 = Release|Any CPU
		{578DDA9A-54B1-4821-A1BD-2E1E6850E51B}.Release|iPhone.ActiveCfg = Release|Any CPU
		{578DDA9A-54B1-4821-A1BD-2E1E6850E51B}.Release|iPhone.Build.0 = Release|Any CPU
		{578DDA9A-54B1-4821-A1BD-2E1E6850E51B}.Release|iPhoneSimulator.ActiveCfg = Release|Any CPU
		{578DDA9A-54B1-4821-A1BD-2E1E6850E51B}.Release|iPhoneSimulator.Build.0 = Release|Any CPU
		{B5E75C43-E8AA-4B1A-A760-848C47BE22A8}.Ad-Hoc|Any CPU.ActiveCfg = Release|Any CPU
		{B5E75C43-E8AA-4B1A-A760-848C47BE22A8}.Ad-Hoc|Any CPU.Build.0 = Release|Any CPU
		{B5E75C43-E8AA-4B1A-A760-848C47BE22A8}.Ad-Hoc|iPhone.ActiveCfg = Release|Any CPU
		{B5E75C43-E8AA-4B1A-A760-848C47BE22A8}.Ad-Hoc|iPhone.Build.0 = Release|Any CPU
		{B5E75C43-E8AA-4B1A-A760-848C47BE22A8}.Ad-Hoc|iPhoneSimulator.ActiveCfg = Release|Any CPU
		{B5E75C43-E8AA-4B1A-A760-848C47BE22A8}.Ad-Hoc|iPhoneSimulator.Build.0 = Release|Any CPU
		{B5E75C43-E8AA-4B1A-A760-848C47BE22A8}.AppStore|Any CPU.ActiveCfg = Release|Any CPU
		{B5E75C43-E8AA-4B1A-A760-848C47BE22A8}.AppStore|Any CPU.Build.0 = Release|Any CPU
		{B5E75C43-E8AA-4B1A-A760-848C47BE22A8}.AppStore|iPhone.ActiveCfg = Release|Any CPU
		{B5E75C43-E8AA-4B1A-A760-848C47BE22A8}.AppStore|iPhone.Build.0 = Release|Any CPU
		{B5E75C43-E8AA-4B1A-A760-848C47BE22A8}.AppStore|iPhoneSimulator.ActiveCfg = Release|Any CPU
		{B5E75C43-E8AA-4B1A-A760-848C47BE22A8}.AppStore|iPhoneSimulator.Build.0 = Release|Any CPU
		{B5E75C43-E8AA-4B1A-A760-848C47BE22A8}.Debug|Any CPU.ActiveCfg = Debug|Any CPU
		{B5E75C43-E8AA-4B1A-A760-848C47BE22A8}.Debug|Any CPU.Build.0 = Debug|Any CPU
		{B5E75C43-E8AA-4B1A-A760-848C47BE22A8}.Debug|iPhone.ActiveCfg = Debug|Any CPU
		{B5E75C43-E8AA-4B1A-A760-848C47BE22A8}.Debug|iPhone.Build.0 = Debug|Any CPU
		{B5E75C43-E8AA-4B1A-A760-848C47BE22A8}.Debug|iPhoneSimulator.ActiveCfg = Debug|Any CPU
		{B5E75C43-E8AA-4B1A-A760-848C47BE22A8}.Debug|iPhoneSimulator.Build.0 = Debug|Any CPU
		{B5E75C43-E8AA-4B1A-A760-848C47BE22A8}.Release|Any CPU.ActiveCfg = Release|Any CPU
		{B5E75C43-E8AA-4B1A-A760-848C47BE22A8}.Release|Any CPU.Build.0 = Release|Any CPU
		{B5E75C43-E8AA-4B1A-A760-848C47BE22A8}.Release|iPhone.ActiveCfg = Release|Any CPU
		{B5E75C43-E8AA-4B1A-A760-848C47BE22A8}.Release|iPhone.Build.0 = Release|Any CPU
		{B5E75C43-E8AA-4B1A-A760-848C47BE22A8}.Release|iPhoneSimulator.ActiveCfg = Release|Any CPU
		{B5E75C43-E8AA-4B1A-A760-848C47BE22A8}.Release|iPhoneSimulator.Build.0 = Release|Any CPU
		{BBF93305-7973-4CE4-A0F7-8BD2C072115D}.Ad-Hoc|Any CPU.ActiveCfg = Release|Any CPU
		{BBF93305-7973-4CE4-A0F7-8BD2C072115D}.Ad-Hoc|Any CPU.Build.0 = Release|Any CPU
		{BBF93305-7973-4CE4-A0F7-8BD2C072115D}.Ad-Hoc|iPhone.ActiveCfg = Release|Any CPU
		{BBF93305-7973-4CE4-A0F7-8BD2C072115D}.Ad-Hoc|iPhone.Build.0 = Release|Any CPU
		{BBF93305-7973-4CE4-A0F7-8BD2C072115D}.Ad-Hoc|iPhoneSimulator.ActiveCfg = Release|Any CPU
		{BBF93305-7973-4CE4-A0F7-8BD2C072115D}.Ad-Hoc|iPhoneSimulator.Build.0 = Release|Any CPU
		{BBF93305-7973-4CE4-A0F7-8BD2C072115D}.AppStore|Any CPU.ActiveCfg = Release|Any CPU
		{BBF93305-7973-4CE4-A0F7-8BD2C072115D}.AppStore|Any CPU.Build.0 = Release|Any CPU
		{BBF93305-7973-4CE4-A0F7-8BD2C072115D}.AppStore|iPhone.ActiveCfg = Release|Any CPU
		{BBF93305-7973-4CE4-A0F7-8BD2C072115D}.AppStore|iPhone.Build.0 = Release|Any CPU
		{BBF93305-7973-4CE4-A0F7-8BD2C072115D}.AppStore|iPhoneSimulator.ActiveCfg = Release|Any CPU
		{BBF93305-7973-4CE4-A0F7-8BD2C072115D}.AppStore|iPhoneSimulator.Build.0 = Release|Any CPU
		{BBF93305-7973-4CE4-A0F7-8BD2C072115D}.Debug|Any CPU.ActiveCfg = Debug|Any CPU
		{BBF93305-7973-4CE4-A0F7-8BD2C072115D}.Debug|Any CPU.Build.0 = Debug|Any CPU
		{BBF93305-7973-4CE4-A0F7-8BD2C072115D}.Debug|iPhone.ActiveCfg = Debug|Any CPU
		{BBF93305-7973-4CE4-A0F7-8BD2C072115D}.Debug|iPhone.Build.0 = Debug|Any CPU
		{BBF93305-7973-4CE4-A0F7-8BD2C072115D}.Debug|iPhoneSimulator.ActiveCfg = Debug|Any CPU
		{BBF93305-7973-4CE4-A0F7-8BD2C072115D}.Debug|iPhoneSimulator.Build.0 = Debug|Any CPU
		{BBF93305-7973-4CE4-A0F7-8BD2C072115D}.Release|Any CPU.ActiveCfg = Release|Any CPU
		{BBF93305-7973-4CE4-A0F7-8BD2C072115D}.Release|Any CPU.Build.0 = Release|Any CPU
		{BBF93305-7973-4CE4-A0F7-8BD2C072115D}.Release|iPhone.ActiveCfg = Release|Any CPU
		{BBF93305-7973-4CE4-A0F7-8BD2C072115D}.Release|iPhone.Build.0 = Release|Any CPU
		{BBF93305-7973-4CE4-A0F7-8BD2C072115D}.Release|iPhoneSimulator.ActiveCfg = Release|Any CPU
		{BBF93305-7973-4CE4-A0F7-8BD2C072115D}.Release|iPhoneSimulator.Build.0 = Release|Any CPU
		{0DEEBD2D-97B7-4119-9F2B-2F39A6316ECD}.Ad-Hoc|Any CPU.ActiveCfg = Release|Any CPU
		{0DEEBD2D-97B7-4119-9F2B-2F39A6316ECD}.Ad-Hoc|Any CPU.Build.0 = Release|Any CPU
		{0DEEBD2D-97B7-4119-9F2B-2F39A6316ECD}.Ad-Hoc|iPhone.ActiveCfg = Release|Any CPU
		{0DEEBD2D-97B7-4119-9F2B-2F39A6316ECD}.Ad-Hoc|iPhone.Build.0 = Release|Any CPU
		{0DEEBD2D-97B7-4119-9F2B-2F39A6316ECD}.Ad-Hoc|iPhoneSimulator.ActiveCfg = Release|Any CPU
		{0DEEBD2D-97B7-4119-9F2B-2F39A6316ECD}.Ad-Hoc|iPhoneSimulator.Build.0 = Release|Any CPU
		{0DEEBD2D-97B7-4119-9F2B-2F39A6316ECD}.AppStore|Any CPU.ActiveCfg = Release|Any CPU
		{0DEEBD2D-97B7-4119-9F2B-2F39A6316ECD}.AppStore|Any CPU.Build.0 = Release|Any CPU
		{0DEEBD2D-97B7-4119-9F2B-2F39A6316ECD}.AppStore|iPhone.ActiveCfg = Release|Any CPU
		{0DEEBD2D-97B7-4119-9F2B-2F39A6316ECD}.AppStore|iPhone.Build.0 = Release|Any CPU
		{0DEEBD2D-97B7-4119-9F2B-2F39A6316ECD}.AppStore|iPhoneSimulator.ActiveCfg = Release|Any CPU
		{0DEEBD2D-97B7-4119-9F2B-2F39A6316ECD}.AppStore|iPhoneSimulator.Build.0 = Release|Any CPU
		{0DEEBD2D-97B7-4119-9F2B-2F39A6316ECD}.Debug|Any CPU.ActiveCfg = Debug|Any CPU
		{0DEEBD2D-97B7-4119-9F2B-2F39A6316ECD}.Debug|Any CPU.Build.0 = Debug|Any CPU
		{0DEEBD2D-97B7-4119-9F2B-2F39A6316ECD}.Debug|iPhone.ActiveCfg = Debug|Any CPU
		{0DEEBD2D-97B7-4119-9F2B-2F39A6316ECD}.Debug|iPhone.Build.0 = Debug|Any CPU
		{0DEEBD2D-97B7-4119-9F2B-2F39A6316ECD}.Debug|iPhoneSimulator.ActiveCfg = Debug|Any CPU
		{0DEEBD2D-97B7-4119-9F2B-2F39A6316ECD}.Debug|iPhoneSimulator.Build.0 = Debug|Any CPU
		{0DEEBD2D-97B7-4119-9F2B-2F39A6316ECD}.Release|Any CPU.ActiveCfg = Release|Any CPU
		{0DEEBD2D-97B7-4119-9F2B-2F39A6316ECD}.Release|Any CPU.Build.0 = Release|Any CPU
		{0DEEBD2D-97B7-4119-9F2B-2F39A6316ECD}.Release|iPhone.ActiveCfg = Release|Any CPU
		{0DEEBD2D-97B7-4119-9F2B-2F39A6316ECD}.Release|iPhone.Build.0 = Release|Any CPU
		{0DEEBD2D-97B7-4119-9F2B-2F39A6316ECD}.Release|iPhoneSimulator.ActiveCfg = Release|Any CPU
		{0DEEBD2D-97B7-4119-9F2B-2F39A6316ECD}.Release|iPhoneSimulator.Build.0 = Release|Any CPU
		{09667795-1EDA-4F4E-9E56-452CF8761F8C}.Ad-Hoc|Any CPU.ActiveCfg = Release|Any CPU
		{09667795-1EDA-4F4E-9E56-452CF8761F8C}.Ad-Hoc|Any CPU.Build.0 = Release|Any CPU
		{09667795-1EDA-4F4E-9E56-452CF8761F8C}.Ad-Hoc|iPhone.ActiveCfg = Release|Any CPU
		{09667795-1EDA-4F4E-9E56-452CF8761F8C}.Ad-Hoc|iPhone.Build.0 = Release|Any CPU
		{09667795-1EDA-4F4E-9E56-452CF8761F8C}.Ad-Hoc|iPhoneSimulator.ActiveCfg = Release|Any CPU
		{09667795-1EDA-4F4E-9E56-452CF8761F8C}.Ad-Hoc|iPhoneSimulator.Build.0 = Release|Any CPU
		{09667795-1EDA-4F4E-9E56-452CF8761F8C}.AppStore|Any CPU.ActiveCfg = Release|Any CPU
		{09667795-1EDA-4F4E-9E56-452CF8761F8C}.AppStore|Any CPU.Build.0 = Release|Any CPU
		{09667795-1EDA-4F4E-9E56-452CF8761F8C}.AppStore|iPhone.ActiveCfg = Release|Any CPU
		{09667795-1EDA-4F4E-9E56-452CF8761F8C}.AppStore|iPhone.Build.0 = Release|Any CPU
		{09667795-1EDA-4F4E-9E56-452CF8761F8C}.AppStore|iPhoneSimulator.ActiveCfg = Release|Any CPU
		{09667795-1EDA-4F4E-9E56-452CF8761F8C}.AppStore|iPhoneSimulator.Build.0 = Release|Any CPU
		{09667795-1EDA-4F4E-9E56-452CF8761F8C}.Debug|Any CPU.ActiveCfg = Debug|Any CPU
		{09667795-1EDA-4F4E-9E56-452CF8761F8C}.Debug|Any CPU.Build.0 = Debug|Any CPU
		{09667795-1EDA-4F4E-9E56-452CF8761F8C}.Debug|iPhone.ActiveCfg = Debug|Any CPU
		{09667795-1EDA-4F4E-9E56-452CF8761F8C}.Debug|iPhone.Build.0 = Debug|Any CPU
		{09667795-1EDA-4F4E-9E56-452CF8761F8C}.Debug|iPhoneSimulator.ActiveCfg = Debug|Any CPU
		{09667795-1EDA-4F4E-9E56-452CF8761F8C}.Debug|iPhoneSimulator.Build.0 = Debug|Any CPU
		{09667795-1EDA-4F4E-9E56-452CF8761F8C}.Release|Any CPU.ActiveCfg = Release|Any CPU
		{09667795-1EDA-4F4E-9E56-452CF8761F8C}.Release|Any CPU.Build.0 = Release|Any CPU
		{09667795-1EDA-4F4E-9E56-452CF8761F8C}.Release|iPhone.ActiveCfg = Release|Any CPU
		{09667795-1EDA-4F4E-9E56-452CF8761F8C}.Release|iPhone.Build.0 = Release|Any CPU
		{09667795-1EDA-4F4E-9E56-452CF8761F8C}.Release|iPhoneSimulator.ActiveCfg = Release|Any CPU
		{09667795-1EDA-4F4E-9E56-452CF8761F8C}.Release|iPhoneSimulator.Build.0 = Release|Any CPU
		{8138136E-0C02-4852-A1C4-C6F7551B6AA8}.Ad-Hoc|Any CPU.ActiveCfg = Release|Any CPU
		{8138136E-0C02-4852-A1C4-C6F7551B6AA8}.Ad-Hoc|Any CPU.Build.0 = Release|Any CPU
		{8138136E-0C02-4852-A1C4-C6F7551B6AA8}.Ad-Hoc|iPhone.ActiveCfg = Release|Any CPU
		{8138136E-0C02-4852-A1C4-C6F7551B6AA8}.Ad-Hoc|iPhone.Build.0 = Release|Any CPU
		{8138136E-0C02-4852-A1C4-C6F7551B6AA8}.Ad-Hoc|iPhoneSimulator.ActiveCfg = Release|Any CPU
		{8138136E-0C02-4852-A1C4-C6F7551B6AA8}.Ad-Hoc|iPhoneSimulator.Build.0 = Release|Any CPU
		{8138136E-0C02-4852-A1C4-C6F7551B6AA8}.AppStore|Any CPU.ActiveCfg = Release|Any CPU
		{8138136E-0C02-4852-A1C4-C6F7551B6AA8}.AppStore|Any CPU.Build.0 = Release|Any CPU
		{8138136E-0C02-4852-A1C4-C6F7551B6AA8}.AppStore|iPhone.ActiveCfg = Release|Any CPU
		{8138136E-0C02-4852-A1C4-C6F7551B6AA8}.AppStore|iPhone.Build.0 = Release|Any CPU
		{8138136E-0C02-4852-A1C4-C6F7551B6AA8}.AppStore|iPhoneSimulator.ActiveCfg = Release|Any CPU
		{8138136E-0C02-4852-A1C4-C6F7551B6AA8}.AppStore|iPhoneSimulator.Build.0 = Release|Any CPU
		{8138136E-0C02-4852-A1C4-C6F7551B6AA8}.Debug|Any CPU.ActiveCfg = Debug|Any CPU
		{8138136E-0C02-4852-A1C4-C6F7551B6AA8}.Debug|Any CPU.Build.0 = Debug|Any CPU
		{8138136E-0C02-4852-A1C4-C6F7551B6AA8}.Debug|iPhone.ActiveCfg = Debug|Any CPU
		{8138136E-0C02-4852-A1C4-C6F7551B6AA8}.Debug|iPhone.Build.0 = Debug|Any CPU
		{8138136E-0C02-4852-A1C4-C6F7551B6AA8}.Debug|iPhoneSimulator.ActiveCfg = Debug|Any CPU
		{8138136E-0C02-4852-A1C4-C6F7551B6AA8}.Debug|iPhoneSimulator.Build.0 = Debug|Any CPU
		{8138136E-0C02-4852-A1C4-C6F7551B6AA8}.Release|Any CPU.ActiveCfg = Release|Any CPU
		{8138136E-0C02-4852-A1C4-C6F7551B6AA8}.Release|Any CPU.Build.0 = Release|Any CPU
		{8138136E-0C02-4852-A1C4-C6F7551B6AA8}.Release|iPhone.ActiveCfg = Release|Any CPU
		{8138136E-0C02-4852-A1C4-C6F7551B6AA8}.Release|iPhone.Build.0 = Release|Any CPU
		{8138136E-0C02-4852-A1C4-C6F7551B6AA8}.Release|iPhoneSimulator.ActiveCfg = Release|Any CPU
		{8138136E-0C02-4852-A1C4-C6F7551B6AA8}.Release|iPhoneSimulator.Build.0 = Release|Any CPU
		{FCC982CC-D4E6-4706-A5C1-01F077EC5544}.Ad-Hoc|Any CPU.ActiveCfg = Release|Any CPU
		{FCC982CC-D4E6-4706-A5C1-01F077EC5544}.Ad-Hoc|Any CPU.Build.0 = Release|Any CPU
		{FCC982CC-D4E6-4706-A5C1-01F077EC5544}.Ad-Hoc|iPhone.ActiveCfg = Release|Any CPU
		{FCC982CC-D4E6-4706-A5C1-01F077EC5544}.Ad-Hoc|iPhone.Build.0 = Release|Any CPU
		{FCC982CC-D4E6-4706-A5C1-01F077EC5544}.Ad-Hoc|iPhoneSimulator.ActiveCfg = Release|Any CPU
		{FCC982CC-D4E6-4706-A5C1-01F077EC5544}.Ad-Hoc|iPhoneSimulator.Build.0 = Release|Any CPU
		{FCC982CC-D4E6-4706-A5C1-01F077EC5544}.AppStore|Any CPU.ActiveCfg = Release|Any CPU
		{FCC982CC-D4E6-4706-A5C1-01F077EC5544}.AppStore|Any CPU.Build.0 = Release|Any CPU
		{FCC982CC-D4E6-4706-A5C1-01F077EC5544}.AppStore|iPhone.ActiveCfg = Release|Any CPU
		{FCC982CC-D4E6-4706-A5C1-01F077EC5544}.AppStore|iPhone.Build.0 = Release|Any CPU
		{FCC982CC-D4E6-4706-A5C1-01F077EC5544}.AppStore|iPhoneSimulator.ActiveCfg = Release|Any CPU
		{FCC982CC-D4E6-4706-A5C1-01F077EC5544}.AppStore|iPhoneSimulator.Build.0 = Release|Any CPU
		{FCC982CC-D4E6-4706-A5C1-01F077EC5544}.Debug|Any CPU.ActiveCfg = Debug|Any CPU
		{FCC982CC-D4E6-4706-A5C1-01F077EC5544}.Debug|Any CPU.Build.0 = Debug|Any CPU
		{FCC982CC-D4E6-4706-A5C1-01F077EC5544}.Debug|iPhone.ActiveCfg = Debug|Any CPU
		{FCC982CC-D4E6-4706-A5C1-01F077EC5544}.Debug|iPhone.Build.0 = Debug|Any CPU
		{FCC982CC-D4E6-4706-A5C1-01F077EC5544}.Debug|iPhoneSimulator.ActiveCfg = Debug|Any CPU
		{FCC982CC-D4E6-4706-A5C1-01F077EC5544}.Debug|iPhoneSimulator.Build.0 = Debug|Any CPU
		{FCC982CC-D4E6-4706-A5C1-01F077EC5544}.Release|Any CPU.ActiveCfg = Release|Any CPU
		{FCC982CC-D4E6-4706-A5C1-01F077EC5544}.Release|Any CPU.Build.0 = Release|Any CPU
		{FCC982CC-D4E6-4706-A5C1-01F077EC5544}.Release|iPhone.ActiveCfg = Release|Any CPU
		{FCC982CC-D4E6-4706-A5C1-01F077EC5544}.Release|iPhone.Build.0 = Release|Any CPU
		{FCC982CC-D4E6-4706-A5C1-01F077EC5544}.Release|iPhoneSimulator.ActiveCfg = Release|Any CPU
		{FCC982CC-D4E6-4706-A5C1-01F077EC5544}.Release|iPhoneSimulator.Build.0 = Release|Any CPU
		{A3EFD0FA-C772-4318-A245-C51FBB8E327B}.Ad-Hoc|Any CPU.ActiveCfg = Release|Any CPU
		{A3EFD0FA-C772-4318-A245-C51FBB8E327B}.Ad-Hoc|Any CPU.Build.0 = Release|Any CPU
		{A3EFD0FA-C772-4318-A245-C51FBB8E327B}.Ad-Hoc|Any CPU.Deploy.0 = Release|Any CPU
		{A3EFD0FA-C772-4318-A245-C51FBB8E327B}.Ad-Hoc|iPhone.ActiveCfg = Release|Any CPU
		{A3EFD0FA-C772-4318-A245-C51FBB8E327B}.Ad-Hoc|iPhone.Build.0 = Release|Any CPU
		{A3EFD0FA-C772-4318-A245-C51FBB8E327B}.Ad-Hoc|iPhone.Deploy.0 = Release|Any CPU
		{A3EFD0FA-C772-4318-A245-C51FBB8E327B}.Ad-Hoc|iPhoneSimulator.ActiveCfg = Release|Any CPU
		{A3EFD0FA-C772-4318-A245-C51FBB8E327B}.Ad-Hoc|iPhoneSimulator.Build.0 = Release|Any CPU
		{A3EFD0FA-C772-4318-A245-C51FBB8E327B}.Ad-Hoc|iPhoneSimulator.Deploy.0 = Release|Any CPU
		{A3EFD0FA-C772-4318-A245-C51FBB8E327B}.AppStore|Any CPU.ActiveCfg = Release|Any CPU
		{A3EFD0FA-C772-4318-A245-C51FBB8E327B}.AppStore|Any CPU.Build.0 = Release|Any CPU
		{A3EFD0FA-C772-4318-A245-C51FBB8E327B}.AppStore|Any CPU.Deploy.0 = Release|Any CPU
		{A3EFD0FA-C772-4318-A245-C51FBB8E327B}.AppStore|iPhone.ActiveCfg = Release|Any CPU
		{A3EFD0FA-C772-4318-A245-C51FBB8E327B}.AppStore|iPhone.Build.0 = Release|Any CPU
		{A3EFD0FA-C772-4318-A245-C51FBB8E327B}.AppStore|iPhone.Deploy.0 = Release|Any CPU
		{A3EFD0FA-C772-4318-A245-C51FBB8E327B}.AppStore|iPhoneSimulator.ActiveCfg = Release|Any CPU
		{A3EFD0FA-C772-4318-A245-C51FBB8E327B}.AppStore|iPhoneSimulator.Build.0 = Release|Any CPU
		{A3EFD0FA-C772-4318-A245-C51FBB8E327B}.AppStore|iPhoneSimulator.Deploy.0 = Release|Any CPU
		{A3EFD0FA-C772-4318-A245-C51FBB8E327B}.Debug|Any CPU.ActiveCfg = Debug|Any CPU
		{A3EFD0FA-C772-4318-A245-C51FBB8E327B}.Debug|Any CPU.Build.0 = Debug|Any CPU
		{A3EFD0FA-C772-4318-A245-C51FBB8E327B}.Debug|Any CPU.Deploy.0 = Debug|Any CPU
		{A3EFD0FA-C772-4318-A245-C51FBB8E327B}.Debug|iPhone.ActiveCfg = Debug|Any CPU
		{A3EFD0FA-C772-4318-A245-C51FBB8E327B}.Debug|iPhone.Build.0 = Debug|Any CPU
		{A3EFD0FA-C772-4318-A245-C51FBB8E327B}.Debug|iPhone.Deploy.0 = Debug|Any CPU
		{A3EFD0FA-C772-4318-A245-C51FBB8E327B}.Debug|iPhoneSimulator.ActiveCfg = Debug|Any CPU
		{A3EFD0FA-C772-4318-A245-C51FBB8E327B}.Debug|iPhoneSimulator.Build.0 = Debug|Any CPU
		{A3EFD0FA-C772-4318-A245-C51FBB8E327B}.Debug|iPhoneSimulator.Deploy.0 = Debug|Any CPU
		{A3EFD0FA-C772-4318-A245-C51FBB8E327B}.Release|Any CPU.ActiveCfg = Release|Any CPU
		{A3EFD0FA-C772-4318-A245-C51FBB8E327B}.Release|Any CPU.Build.0 = Release|Any CPU
		{A3EFD0FA-C772-4318-A245-C51FBB8E327B}.Release|Any CPU.Deploy.0 = Release|Any CPU
		{A3EFD0FA-C772-4318-A245-C51FBB8E327B}.Release|iPhone.ActiveCfg = Release|Any CPU
		{A3EFD0FA-C772-4318-A245-C51FBB8E327B}.Release|iPhone.Build.0 = Release|Any CPU
		{A3EFD0FA-C772-4318-A245-C51FBB8E327B}.Release|iPhone.Deploy.0 = Release|Any CPU
		{A3EFD0FA-C772-4318-A245-C51FBB8E327B}.Release|iPhoneSimulator.ActiveCfg = Release|Any CPU
		{A3EFD0FA-C772-4318-A245-C51FBB8E327B}.Release|iPhoneSimulator.Build.0 = Release|Any CPU
		{A3EFD0FA-C772-4318-A245-C51FBB8E327B}.Release|iPhoneSimulator.Deploy.0 = Release|Any CPU
		{A6B29C6A-845C-49D1-BB29-DD9CD9AEDE18}.Ad-Hoc|Any CPU.ActiveCfg = Ad-Hoc|iPhone
		{A6B29C6A-845C-49D1-BB29-DD9CD9AEDE18}.Ad-Hoc|Any CPU.Build.0 = Ad-Hoc|iPhone
		{A6B29C6A-845C-49D1-BB29-DD9CD9AEDE18}.Ad-Hoc|Any CPU.Deploy.0 = Ad-Hoc|iPhone
		{A6B29C6A-845C-49D1-BB29-DD9CD9AEDE18}.Ad-Hoc|iPhone.ActiveCfg = Ad-Hoc|iPhone
		{A6B29C6A-845C-49D1-BB29-DD9CD9AEDE18}.Ad-Hoc|iPhone.Build.0 = Ad-Hoc|iPhone
		{A6B29C6A-845C-49D1-BB29-DD9CD9AEDE18}.Ad-Hoc|iPhone.Deploy.0 = Ad-Hoc|iPhone
		{A6B29C6A-845C-49D1-BB29-DD9CD9AEDE18}.Ad-Hoc|iPhoneSimulator.ActiveCfg = Ad-Hoc|iPhoneSimulator
		{A6B29C6A-845C-49D1-BB29-DD9CD9AEDE18}.Ad-Hoc|iPhoneSimulator.Build.0 = Ad-Hoc|iPhoneSimulator
		{A6B29C6A-845C-49D1-BB29-DD9CD9AEDE18}.Ad-Hoc|iPhoneSimulator.Deploy.0 = Ad-Hoc|iPhoneSimulator
		{A6B29C6A-845C-49D1-BB29-DD9CD9AEDE18}.AppStore|Any CPU.ActiveCfg = AppStore|iPhone
		{A6B29C6A-845C-49D1-BB29-DD9CD9AEDE18}.AppStore|Any CPU.Build.0 = AppStore|iPhone
		{A6B29C6A-845C-49D1-BB29-DD9CD9AEDE18}.AppStore|Any CPU.Deploy.0 = AppStore|iPhone
		{A6B29C6A-845C-49D1-BB29-DD9CD9AEDE18}.AppStore|iPhone.ActiveCfg = AppStore|iPhone
		{A6B29C6A-845C-49D1-BB29-DD9CD9AEDE18}.AppStore|iPhone.Build.0 = AppStore|iPhone
		{A6B29C6A-845C-49D1-BB29-DD9CD9AEDE18}.AppStore|iPhone.Deploy.0 = AppStore|iPhone
		{A6B29C6A-845C-49D1-BB29-DD9CD9AEDE18}.AppStore|iPhoneSimulator.ActiveCfg = AppStore|iPhoneSimulator
		{A6B29C6A-845C-49D1-BB29-DD9CD9AEDE18}.AppStore|iPhoneSimulator.Build.0 = AppStore|iPhoneSimulator
		{A6B29C6A-845C-49D1-BB29-DD9CD9AEDE18}.AppStore|iPhoneSimulator.Deploy.0 = AppStore|iPhoneSimulator
		{A6B29C6A-845C-49D1-BB29-DD9CD9AEDE18}.Debug|Any CPU.ActiveCfg = Debug|iPhoneSimulator
		{A6B29C6A-845C-49D1-BB29-DD9CD9AEDE18}.Debug|Any CPU.Build.0 = Debug|iPhoneSimulator
		{A6B29C6A-845C-49D1-BB29-DD9CD9AEDE18}.Debug|Any CPU.Deploy.0 = Debug|iPhoneSimulator
		{A6B29C6A-845C-49D1-BB29-DD9CD9AEDE18}.Debug|iPhone.ActiveCfg = Debug|iPhone
		{A6B29C6A-845C-49D1-BB29-DD9CD9AEDE18}.Debug|iPhone.Build.0 = Debug|iPhone
		{A6B29C6A-845C-49D1-BB29-DD9CD9AEDE18}.Debug|iPhone.Deploy.0 = Debug|iPhone
		{A6B29C6A-845C-49D1-BB29-DD9CD9AEDE18}.Debug|iPhoneSimulator.ActiveCfg = Debug|iPhoneSimulator
		{A6B29C6A-845C-49D1-BB29-DD9CD9AEDE18}.Debug|iPhoneSimulator.Build.0 = Debug|iPhoneSimulator
		{A6B29C6A-845C-49D1-BB29-DD9CD9AEDE18}.Debug|iPhoneSimulator.Deploy.0 = Debug|iPhoneSimulator
		{A6B29C6A-845C-49D1-BB29-DD9CD9AEDE18}.Release|Any CPU.ActiveCfg = Release|iPhone
		{A6B29C6A-845C-49D1-BB29-DD9CD9AEDE18}.Release|Any CPU.Build.0 = Release|iPhone
		{A6B29C6A-845C-49D1-BB29-DD9CD9AEDE18}.Release|Any CPU.Deploy.0 = Release|iPhone
		{A6B29C6A-845C-49D1-BB29-DD9CD9AEDE18}.Release|iPhone.ActiveCfg = Release|iPhone
		{A6B29C6A-845C-49D1-BB29-DD9CD9AEDE18}.Release|iPhone.Build.0 = Release|iPhone
		{A6B29C6A-845C-49D1-BB29-DD9CD9AEDE18}.Release|iPhone.Deploy.0 = Release|iPhone
		{A6B29C6A-845C-49D1-BB29-DD9CD9AEDE18}.Release|iPhoneSimulator.ActiveCfg = Release|iPhoneSimulator
		{A6B29C6A-845C-49D1-BB29-DD9CD9AEDE18}.Release|iPhoneSimulator.Build.0 = Release|iPhoneSimulator
		{A6B29C6A-845C-49D1-BB29-DD9CD9AEDE18}.Release|iPhoneSimulator.Deploy.0 = Release|iPhoneSimulator
		{A2E07FC2-9392-4A77-B26B-0D3AC1A3D479}.Ad-Hoc|Any CPU.ActiveCfg = Debug|Any CPU
		{A2E07FC2-9392-4A77-B26B-0D3AC1A3D479}.Ad-Hoc|Any CPU.Build.0 = Debug|Any CPU
		{A2E07FC2-9392-4A77-B26B-0D3AC1A3D479}.Ad-Hoc|Any CPU.Deploy.0 = Debug|Any CPU
		{A2E07FC2-9392-4A77-B26B-0D3AC1A3D479}.Ad-Hoc|iPhone.ActiveCfg = Debug|Any CPU
		{A2E07FC2-9392-4A77-B26B-0D3AC1A3D479}.Ad-Hoc|iPhone.Build.0 = Debug|Any CPU
		{A2E07FC2-9392-4A77-B26B-0D3AC1A3D479}.Ad-Hoc|iPhone.Deploy.0 = Debug|Any CPU
		{A2E07FC2-9392-4A77-B26B-0D3AC1A3D479}.Ad-Hoc|iPhoneSimulator.ActiveCfg = Debug|Any CPU
		{A2E07FC2-9392-4A77-B26B-0D3AC1A3D479}.Ad-Hoc|iPhoneSimulator.Build.0 = Debug|Any CPU
		{A2E07FC2-9392-4A77-B26B-0D3AC1A3D479}.Ad-Hoc|iPhoneSimulator.Deploy.0 = Debug|Any CPU
		{A2E07FC2-9392-4A77-B26B-0D3AC1A3D479}.AppStore|Any CPU.ActiveCfg = Debug|Any CPU
		{A2E07FC2-9392-4A77-B26B-0D3AC1A3D479}.AppStore|Any CPU.Build.0 = Debug|Any CPU
		{A2E07FC2-9392-4A77-B26B-0D3AC1A3D479}.AppStore|Any CPU.Deploy.0 = Debug|Any CPU
		{A2E07FC2-9392-4A77-B26B-0D3AC1A3D479}.AppStore|iPhone.ActiveCfg = Debug|Any CPU
		{A2E07FC2-9392-4A77-B26B-0D3AC1A3D479}.AppStore|iPhone.Build.0 = Debug|Any CPU
		{A2E07FC2-9392-4A77-B26B-0D3AC1A3D479}.AppStore|iPhone.Deploy.0 = Debug|Any CPU
		{A2E07FC2-9392-4A77-B26B-0D3AC1A3D479}.AppStore|iPhoneSimulator.ActiveCfg = Debug|Any CPU
		{A2E07FC2-9392-4A77-B26B-0D3AC1A3D479}.AppStore|iPhoneSimulator.Build.0 = Debug|Any CPU
		{A2E07FC2-9392-4A77-B26B-0D3AC1A3D479}.AppStore|iPhoneSimulator.Deploy.0 = Debug|Any CPU
		{A2E07FC2-9392-4A77-B26B-0D3AC1A3D479}.Debug|Any CPU.ActiveCfg = Debug|Any CPU
		{A2E07FC2-9392-4A77-B26B-0D3AC1A3D479}.Debug|Any CPU.Build.0 = Debug|Any CPU
		{A2E07FC2-9392-4A77-B26B-0D3AC1A3D479}.Debug|Any CPU.Deploy.0 = Debug|Any CPU
		{A2E07FC2-9392-4A77-B26B-0D3AC1A3D479}.Debug|iPhone.ActiveCfg = Debug|Any CPU
		{A2E07FC2-9392-4A77-B26B-0D3AC1A3D479}.Debug|iPhone.Build.0 = Debug|Any CPU
		{A2E07FC2-9392-4A77-B26B-0D3AC1A3D479}.Debug|iPhone.Deploy.0 = Debug|Any CPU
		{A2E07FC2-9392-4A77-B26B-0D3AC1A3D479}.Debug|iPhoneSimulator.ActiveCfg = Debug|Any CPU
		{A2E07FC2-9392-4A77-B26B-0D3AC1A3D479}.Debug|iPhoneSimulator.Build.0 = Debug|Any CPU
		{A2E07FC2-9392-4A77-B26B-0D3AC1A3D479}.Debug|iPhoneSimulator.Deploy.0 = Debug|Any CPU
		{A2E07FC2-9392-4A77-B26B-0D3AC1A3D479}.Release|Any CPU.ActiveCfg = Release|Any CPU
		{A2E07FC2-9392-4A77-B26B-0D3AC1A3D479}.Release|Any CPU.Build.0 = Release|Any CPU
		{A2E07FC2-9392-4A77-B26B-0D3AC1A3D479}.Release|Any CPU.Deploy.0 = Release|Any CPU
		{A2E07FC2-9392-4A77-B26B-0D3AC1A3D479}.Release|iPhone.ActiveCfg = Release|Any CPU
		{A2E07FC2-9392-4A77-B26B-0D3AC1A3D479}.Release|iPhone.Build.0 = Release|Any CPU
		{A2E07FC2-9392-4A77-B26B-0D3AC1A3D479}.Release|iPhone.Deploy.0 = Release|Any CPU
		{A2E07FC2-9392-4A77-B26B-0D3AC1A3D479}.Release|iPhoneSimulator.ActiveCfg = Release|Any CPU
		{A2E07FC2-9392-4A77-B26B-0D3AC1A3D479}.Release|iPhoneSimulator.Build.0 = Release|Any CPU
		{A2E07FC2-9392-4A77-B26B-0D3AC1A3D479}.Release|iPhoneSimulator.Deploy.0 = Release|Any CPU
		{B3C9814F-A923-4975-A929-EAC2C6267758}.Ad-Hoc|Any CPU.ActiveCfg = Release|Any CPU
		{B3C9814F-A923-4975-A929-EAC2C6267758}.Ad-Hoc|Any CPU.Build.0 = Release|Any CPU
		{B3C9814F-A923-4975-A929-EAC2C6267758}.Ad-Hoc|iPhone.ActiveCfg = Release|Any CPU
		{B3C9814F-A923-4975-A929-EAC2C6267758}.Ad-Hoc|iPhone.Build.0 = Release|Any CPU
		{B3C9814F-A923-4975-A929-EAC2C6267758}.Ad-Hoc|iPhoneSimulator.ActiveCfg = Release|Any CPU
		{B3C9814F-A923-4975-A929-EAC2C6267758}.Ad-Hoc|iPhoneSimulator.Build.0 = Release|Any CPU
		{B3C9814F-A923-4975-A929-EAC2C6267758}.AppStore|Any CPU.ActiveCfg = Release|Any CPU
		{B3C9814F-A923-4975-A929-EAC2C6267758}.AppStore|Any CPU.Build.0 = Release|Any CPU
		{B3C9814F-A923-4975-A929-EAC2C6267758}.AppStore|iPhone.ActiveCfg = Release|Any CPU
		{B3C9814F-A923-4975-A929-EAC2C6267758}.AppStore|iPhone.Build.0 = Release|Any CPU
		{B3C9814F-A923-4975-A929-EAC2C6267758}.AppStore|iPhoneSimulator.ActiveCfg = Release|Any CPU
		{B3C9814F-A923-4975-A929-EAC2C6267758}.AppStore|iPhoneSimulator.Build.0 = Release|Any CPU
		{B3C9814F-A923-4975-A929-EAC2C6267758}.Debug|Any CPU.ActiveCfg = Debug|Any CPU
		{B3C9814F-A923-4975-A929-EAC2C6267758}.Debug|Any CPU.Build.0 = Debug|Any CPU
		{B3C9814F-A923-4975-A929-EAC2C6267758}.Debug|iPhone.ActiveCfg = Debug|Any CPU
		{B3C9814F-A923-4975-A929-EAC2C6267758}.Debug|iPhone.Build.0 = Debug|Any CPU
		{B3C9814F-A923-4975-A929-EAC2C6267758}.Debug|iPhoneSimulator.ActiveCfg = Debug|Any CPU
		{B3C9814F-A923-4975-A929-EAC2C6267758}.Debug|iPhoneSimulator.Build.0 = Debug|Any CPU
		{B3C9814F-A923-4975-A929-EAC2C6267758}.Release|Any CPU.ActiveCfg = Release|Any CPU
		{B3C9814F-A923-4975-A929-EAC2C6267758}.Release|Any CPU.Build.0 = Release|Any CPU
		{B3C9814F-A923-4975-A929-EAC2C6267758}.Release|iPhone.ActiveCfg = Release|Any CPU
		{B3C9814F-A923-4975-A929-EAC2C6267758}.Release|iPhone.Build.0 = Release|Any CPU
		{B3C9814F-A923-4975-A929-EAC2C6267758}.Release|iPhoneSimulator.ActiveCfg = Release|Any CPU
		{B3C9814F-A923-4975-A929-EAC2C6267758}.Release|iPhoneSimulator.Build.0 = Release|Any CPU
	EndGlobalSection
	GlobalSection(SolutionProperties) = preSolution
		HideSolutionNode = FALSE
	EndGlobalSection
	GlobalSection(NestedProjects) = preSolution
		{F0E13619-1DB4-4E11-8A75-F835DEA51CD6} = {00177465-E819-4364-97FC-603B2218F6AE}
		{9EA82A40-749F-4B3E-89DA-6B4A7C81BD48} = {00177465-E819-4364-97FC-603B2218F6AE}
		{03AF0BAB-A8D8-4525-AFAC-DD1E79C8ECBC} = {9EA82A40-749F-4B3E-89DA-6B4A7C81BD48}
		{6703B5B6-DA01-4B63-9B2B-2C7D2308C8C9} = {9EA82A40-749F-4B3E-89DA-6B4A7C81BD48}
		{AD07E1F8-B915-4E90-9B2B-EBB5BA70094F} = {9EA82A40-749F-4B3E-89DA-6B4A7C81BD48}
		{EF24FB35-148E-4B3C-98A7-7937BCC41AB9} = {00177465-E819-4364-97FC-603B2218F6AE}
		{578DDA9A-54B1-4821-A1BD-2E1E6850E51B} = {EF24FB35-148E-4B3C-98A7-7937BCC41AB9}
		{B5E75C43-E8AA-4B1A-A760-848C47BE22A8} = {EF24FB35-148E-4B3C-98A7-7937BCC41AB9}
		{C3A11229-D0E0-4D78-8802-D93519E746A1} = {00177465-E819-4364-97FC-603B2218F6AE}
		{D2B5F674-F18B-48A8-9F4F-32291BEAB726} = {00177465-E819-4364-97FC-603B2218F6AE}
		{BBF93305-7973-4CE4-A0F7-8BD2C072115D} = {C3A11229-D0E0-4D78-8802-D93519E746A1}
		{0DEEBD2D-97B7-4119-9F2B-2F39A6316ECD} = {C3A11229-D0E0-4D78-8802-D93519E746A1}
		{09667795-1EDA-4F4E-9E56-452CF8761F8C} = {9EA82A40-749F-4B3E-89DA-6B4A7C81BD48}
		{8138136E-0C02-4852-A1C4-C6F7551B6AA8} = {EF24FB35-148E-4B3C-98A7-7937BCC41AB9}
		{FCC982CC-D4E6-4706-A5C1-01F077EC5544} = {F0E13619-1DB4-4E11-8A75-F835DEA51CD6}
		{A3EFD0FA-C772-4318-A245-C51FBB8E327B} = {7F6C714F-E8D4-411D-960D-E29DBEECB4C8}
		{A6B29C6A-845C-49D1-BB29-DD9CD9AEDE18} = {7F6C714F-E8D4-411D-960D-E29DBEECB4C8}
		{A2E07FC2-9392-4A77-B26B-0D3AC1A3D479} = {7F6C714F-E8D4-411D-960D-E29DBEECB4C8}
		{B3C9814F-A923-4975-A929-EAC2C6267758} = {536B3542-0063-4EE2-BF79-6028BF9E3F65}
	EndGlobalSection
	GlobalSection(ExtensibilityGlobals) = postSolution
		SolutionGuid = {52E7E886-0470-4688-94B6-F67CA06DEF75}
	EndGlobalSection
EndGlobal
