
Microsoft Visual Studio Solution File, Format Version 12.00
# Visual Studio 15
VisualStudioVersion = 15.0.28010.2048
MinimumVisualStudioVersion = 10.0.40219.1
Project("{2150E333-8FDC-42A3-9474-1A3956D46DE8}") = "src", "src", "{02E8A211-42B4-4D84-B25F-1E4C1A149B82}"
EndProject
Project("{2150E333-8FDC-42A3-9474-1A3956D46DE8}") = "Readings", "Readings", "{B7504262-4046-4DC1-B4D5-CCEBF8744F17}"
EndProject
Project("{9A19103F-16F7-4668-BE54-9A1E7A4F7556}") = "Readings.Contracts", "src\Services\Readings\Contracts\Readings.Contracts.csproj", "{D3C5EEA8-6ECE-414C-B65D-D9B133311E94}"
EndProject
Project("{9A19103F-16F7-4668-BE54-9A1E7A4F7556}") = "Readings.DAL.Implementations", "src\Services\Readings\DAL.Implementations\Readings.DAL.Implementations.csproj", "{FC04005B-E55E-452F-AA62-E9956F4DEA77}"
EndProject
Project("{9A19103F-16F7-4668-BE54-9A1E7A4F7556}") = "Readings.DAL.Infrastructure", "src\Services\Readings\DAL.Infrastructure\Readings.DAL.Infrastructure.csproj", "{815ECFD4-467C-4C9F-93A6-F593176ABD23}"
EndProject
Project("{9A19103F-16F7-4668-BE54-9A1E7A4F7556}") = "Readings.DAL.Intarfaces", "src\Services\Readings\DAL.Intarfaces\Readings.DAL.Intarfaces.csproj", "{23AF8F55-445C-453A-8DF0-95F1CF10E2DE}"
EndProject
Project("{9A19103F-16F7-4668-BE54-9A1E7A4F7556}") = "Readings.Domain", "src\Services\Readings\Domain\Readings.Domain.csproj", "{FD4516AA-020F-4A43-9981-47FB17FFEE0E}"
EndProject
Project("{9A19103F-16F7-4668-BE54-9A1E7A4F7556}") = "Readings.Services.DTO", "src\Services\Readings\Services.DTO\Readings.Services.DTO.csproj", "{EBF64A90-6849-4C53-9B1A-C9795C6A4C29}"
EndProject
Project("{9A19103F-16F7-4668-BE54-9A1E7A4F7556}") = "Readings.Services.Implementations", "src\Services\Readings\Services.Implementations\Readings.Services.Implementations.csproj", "{1C45F173-DF04-4356-BE54-5B9517FE4ABA}"
EndProject
Project("{9A19103F-16F7-4668-BE54-9A1E7A4F7556}") = "Readings.Services.Infrastructure", "src\Services\Readings\Services.Infrastructure\Readings.Services.Infrastructure.csproj", "{8E8629D2-46DC-4495-A85E-A0E802249EE2}"
EndProject
Project("{9A19103F-16F7-4668-BE54-9A1E7A4F7556}") = "Readings.Services.Interfaces", "src\Services\Readings\Services.Interfaces\Readings.Services.Interfaces.csproj", "{AE24154A-BDCF-491B-AA8F-19436EC2E2B2}"
EndProject
Project("{2150E333-8FDC-42A3-9474-1A3956D46DE8}") = "BLL", "BLL", "{F4C7385C-E37F-486C-BA0F-373F3348241A}"
EndProject
Project("{2150E333-8FDC-42A3-9474-1A3956D46DE8}") = "DAL", "DAL", "{C18F2E25-B41D-4867-908E-3262558B0C14}"
EndProject
Project("{2150E333-8FDC-42A3-9474-1A3956D46DE8}") = "Core", "Core", "{A768E561-C65B-40E2-819E-694577947919}"
EndProject
Project("{9A19103F-16F7-4668-BE54-9A1E7A4F7556}") = "Readings.API", "src\Services\Readings\API\Readings.API.csproj", "{59674BE7-7515-436A-87EB-DEABCA5BB0A2}"
EndProject
Project("{2150E333-8FDC-42A3-9474-1A3956D46DE8}") = "API", "API", "{4AD3300C-317C-49A2-BCBE-DDCC77298AA9}"
EndProject
Project("{2150E333-8FDC-42A3-9474-1A3956D46DE8}") = "Clients", "Clients", "{9679B98F-CE5A-490B-B972-430B3A186705}"
EndProject
Project("{2150E333-8FDC-42A3-9474-1A3956D46DE8}") = "Mobile", "Mobile", "{6022C617-4B99-4E0F-8C87-375AD9D96057}"
EndProject
Project("{2150E333-8FDC-42A3-9474-1A3956D46DE8}") = "PWA", "PWA", "{9263F883-4BED-4962-BD10-86030D182AD3}"
EndProject
Project("{2150E333-8FDC-42A3-9474-1A3956D46DE8}") = "Core", "Core", "{12CC9F9D-139F-4176-AE92-24D244663A90}"
EndProject
Project("{2150E333-8FDC-42A3-9474-1A3956D46DE8}") = "TargetPlatforms", "TargetPlatforms", "{AF6B4C05-DFCB-494C-8F13-39E4A5D11964}"
EndProject
Project("{9A19103F-16F7-4668-BE54-9A1E7A4F7556}") = "Mobile.Core", "src\Clients\mobile\Mobile.Core\Mobile.Core.csproj", "{059719D4-CAA5-468C-8E46-A15A9FB6EFB6}"
EndProject
Project("{9A19103F-16F7-4668-BE54-9A1E7A4F7556}") = "Mobile.Models", "src\Clients\mobile\Mobile.Models\Mobile.Models.csproj", "{9D67B8C3-3E2E-4D07-9DB8-2A1785111C18}"
EndProject
Project("{FAE04EC0-301F-11D3-BF4B-00C04F79EFBC}") = "Mobile.Android", "src\Clients\mobile\Mobile.Android\Mobile.Android.csproj", "{86370E8B-257D-4173-AF51-C28157C4D179}"
EndProject
Project("{FAE04EC0-301F-11D3-BF4B-00C04F79EFBC}") = "Mobile.iOS", "src\Clients\mobile\Mobile.iOS\Mobile.iOS.csproj", "{E6CBBC66-C7DB-4C12-B444-FB193C8C6D05}"
EndProject
Project("{E53339B2-1760-4266-BCC7-CA923CBCF16C}") = "docker-compose", "docker-compose.dcproj", "{3705A646-A31B-4218-8A9C-B0625C8DAC42}"
EndProject
Project("{9A19103F-16F7-4668-BE54-9A1E7A4F7556}") = "IonicPWA", "src\Clients\pwa\new-pwa\IonicPWA.csproj", "{1CE38DEE-2BFB-48E4-A31C-BA5AA12CAD14}"
EndProject
Project("{2150E333-8FDC-42A3-9474-1A3956D46DE8}") = "Tests", "Tests", "{094624A0-72D9-4498-A191-7EEDBE231848}"
EndProject
Project("{FAE04EC0-301F-11D3-BF4B-00C04F79EFBC}") = "Readings.UnitTests", "src\Services\Readings\Readings.UnitTests\Readings.UnitTests.csproj", "{4B40B680-A659-410E-9C98-EA1977D9EEB8}"
EndProject
Global
	GlobalSection(SolutionConfigurationPlatforms) = preSolution
		Ad-Hoc|Any CPU = Ad-Hoc|Any CPU
		Ad-Hoc|iPhone = Ad-Hoc|iPhone
		Ad-Hoc|iPhoneSimulator = Ad-Hoc|iPhoneSimulator
		AppStore|Any CPU = AppStore|Any CPU
		AppStore|iPhone = AppStore|iPhone
		AppStore|iPhoneSimulator = AppStore|iPhoneSimulator
		Debug|Any CPU = Debug|Any CPU
		Debug|iPhone = Debug|iPhone
		Debug|iPhoneSimulator = Debug|iPhoneSimulator
		Release|Any CPU = Release|Any CPU
		Release|iPhone = Release|iPhone
		Release|iPhoneSimulator = Release|iPhoneSimulator
	EndGlobalSection
	GlobalSection(ProjectConfigurationPlatforms) = postSolution
		{D3C5EEA8-6ECE-414C-B65D-D9B133311E94}.Ad-Hoc|Any CPU.ActiveCfg = Release|Any CPU
		{D3C5EEA8-6ECE-414C-B65D-D9B133311E94}.Ad-Hoc|Any CPU.Build.0 = Release|Any CPU
		{D3C5EEA8-6ECE-414C-B65D-D9B133311E94}.Ad-Hoc|iPhone.ActiveCfg = Release|Any CPU
		{D3C5EEA8-6ECE-414C-B65D-D9B133311E94}.Ad-Hoc|iPhone.Build.0 = Release|Any CPU
		{D3C5EEA8-6ECE-414C-B65D-D9B133311E94}.Ad-Hoc|iPhoneSimulator.ActiveCfg = Release|Any CPU
		{D3C5EEA8-6ECE-414C-B65D-D9B133311E94}.Ad-Hoc|iPhoneSimulator.Build.0 = Release|Any CPU
		{D3C5EEA8-6ECE-414C-B65D-D9B133311E94}.AppStore|Any CPU.ActiveCfg = Release|Any CPU
		{D3C5EEA8-6ECE-414C-B65D-D9B133311E94}.AppStore|Any CPU.Build.0 = Release|Any CPU
		{D3C5EEA8-6ECE-414C-B65D-D9B133311E94}.AppStore|iPhone.ActiveCfg = Release|Any CPU
		{D3C5EEA8-6ECE-414C-B65D-D9B133311E94}.AppStore|iPhone.Build.0 = Release|Any CPU
		{D3C5EEA8-6ECE-414C-B65D-D9B133311E94}.AppStore|iPhoneSimulator.ActiveCfg = Release|Any CPU
		{D3C5EEA8-6ECE-414C-B65D-D9B133311E94}.AppStore|iPhoneSimulator.Build.0 = Release|Any CPU
		{D3C5EEA8-6ECE-414C-B65D-D9B133311E94}.Debug|Any CPU.ActiveCfg = Debug|Any CPU
		{D3C5EEA8-6ECE-414C-B65D-D9B133311E94}.Debug|Any CPU.Build.0 = Debug|Any CPU
		{D3C5EEA8-6ECE-414C-B65D-D9B133311E94}.Debug|iPhone.ActiveCfg = Debug|Any CPU
		{D3C5EEA8-6ECE-414C-B65D-D9B133311E94}.Debug|iPhone.Build.0 = Debug|Any CPU
		{D3C5EEA8-6ECE-414C-B65D-D9B133311E94}.Debug|iPhoneSimulator.ActiveCfg = Debug|Any CPU
		{D3C5EEA8-6ECE-414C-B65D-D9B133311E94}.Debug|iPhoneSimulator.Build.0 = Debug|Any CPU
		{D3C5EEA8-6ECE-414C-B65D-D9B133311E94}.Release|Any CPU.ActiveCfg = Release|Any CPU
		{D3C5EEA8-6ECE-414C-B65D-D9B133311E94}.Release|Any CPU.Build.0 = Release|Any CPU
		{D3C5EEA8-6ECE-414C-B65D-D9B133311E94}.Release|iPhone.ActiveCfg = Release|Any CPU
		{D3C5EEA8-6ECE-414C-B65D-D9B133311E94}.Release|iPhone.Build.0 = Release|Any CPU
		{D3C5EEA8-6ECE-414C-B65D-D9B133311E94}.Release|iPhoneSimulator.ActiveCfg = Release|Any CPU
		{D3C5EEA8-6ECE-414C-B65D-D9B133311E94}.Release|iPhoneSimulator.Build.0 = Release|Any CPU
		{FC04005B-E55E-452F-AA62-E9956F4DEA77}.Ad-Hoc|Any CPU.ActiveCfg = Release|Any CPU
		{FC04005B-E55E-452F-AA62-E9956F4DEA77}.Ad-Hoc|Any CPU.Build.0 = Release|Any CPU
		{FC04005B-E55E-452F-AA62-E9956F4DEA77}.Ad-Hoc|iPhone.ActiveCfg = Release|Any CPU
		{FC04005B-E55E-452F-AA62-E9956F4DEA77}.Ad-Hoc|iPhone.Build.0 = Release|Any CPU
		{FC04005B-E55E-452F-AA62-E9956F4DEA77}.Ad-Hoc|iPhoneSimulator.ActiveCfg = Release|Any CPU
		{FC04005B-E55E-452F-AA62-E9956F4DEA77}.Ad-Hoc|iPhoneSimulator.Build.0 = Release|Any CPU
		{FC04005B-E55E-452F-AA62-E9956F4DEA77}.AppStore|Any CPU.ActiveCfg = Release|Any CPU
		{FC04005B-E55E-452F-AA62-E9956F4DEA77}.AppStore|Any CPU.Build.0 = Release|Any CPU
		{FC04005B-E55E-452F-AA62-E9956F4DEA77}.AppStore|iPhone.ActiveCfg = Release|Any CPU
		{FC04005B-E55E-452F-AA62-E9956F4DEA77}.AppStore|iPhone.Build.0 = Release|Any CPU
		{FC04005B-E55E-452F-AA62-E9956F4DEA77}.AppStore|iPhoneSimulator.ActiveCfg = Release|Any CPU
		{FC04005B-E55E-452F-AA62-E9956F4DEA77}.AppStore|iPhoneSimulator.Build.0 = Release|Any CPU
		{FC04005B-E55E-452F-AA62-E9956F4DEA77}.Debug|Any CPU.ActiveCfg = Debug|Any CPU
		{FC04005B-E55E-452F-AA62-E9956F4DEA77}.Debug|Any CPU.Build.0 = Debug|Any CPU
		{FC04005B-E55E-452F-AA62-E9956F4DEA77}.Debug|iPhone.ActiveCfg = Debug|Any CPU
		{FC04005B-E55E-452F-AA62-E9956F4DEA77}.Debug|iPhone.Build.0 = Debug|Any CPU
		{FC04005B-E55E-452F-AA62-E9956F4DEA77}.Debug|iPhoneSimulator.ActiveCfg = Debug|Any CPU
		{FC04005B-E55E-452F-AA62-E9956F4DEA77}.Debug|iPhoneSimulator.Build.0 = Debug|Any CPU
		{FC04005B-E55E-452F-AA62-E9956F4DEA77}.Release|Any CPU.ActiveCfg = Release|Any CPU
		{FC04005B-E55E-452F-AA62-E9956F4DEA77}.Release|Any CPU.Build.0 = Release|Any CPU
		{FC04005B-E55E-452F-AA62-E9956F4DEA77}.Release|iPhone.ActiveCfg = Release|Any CPU
		{FC04005B-E55E-452F-AA62-E9956F4DEA77}.Release|iPhone.Build.0 = Release|Any CPU
		{FC04005B-E55E-452F-AA62-E9956F4DEA77}.Release|iPhoneSimulator.ActiveCfg = Release|Any CPU
		{FC04005B-E55E-452F-AA62-E9956F4DEA77}.Release|iPhoneSimulator.Build.0 = Release|Any CPU
		{815ECFD4-467C-4C9F-93A6-F593176ABD23}.Ad-Hoc|Any CPU.ActiveCfg = Release|Any CPU
		{815ECFD4-467C-4C9F-93A6-F593176ABD23}.Ad-Hoc|Any CPU.Build.0 = Release|Any CPU
		{815ECFD4-467C-4C9F-93A6-F593176ABD23}.Ad-Hoc|iPhone.ActiveCfg = Release|Any CPU
		{815ECFD4-467C-4C9F-93A6-F593176ABD23}.Ad-Hoc|iPhone.Build.0 = Release|Any CPU
		{815ECFD4-467C-4C9F-93A6-F593176ABD23}.Ad-Hoc|iPhoneSimulator.ActiveCfg = Release|Any CPU
		{815ECFD4-467C-4C9F-93A6-F593176ABD23}.Ad-Hoc|iPhoneSimulator.Build.0 = Release|Any CPU
		{815ECFD4-467C-4C9F-93A6-F593176ABD23}.AppStore|Any CPU.ActiveCfg = Release|Any CPU
		{815ECFD4-467C-4C9F-93A6-F593176ABD23}.AppStore|Any CPU.Build.0 = Release|Any CPU
		{815ECFD4-467C-4C9F-93A6-F593176ABD23}.AppStore|iPhone.ActiveCfg = Release|Any CPU
		{815ECFD4-467C-4C9F-93A6-F593176ABD23}.AppStore|iPhone.Build.0 = Release|Any CPU
		{815ECFD4-467C-4C9F-93A6-F593176ABD23}.AppStore|iPhoneSimulator.ActiveCfg = Release|Any CPU
		{815ECFD4-467C-4C9F-93A6-F593176ABD23}.AppStore|iPhoneSimulator.Build.0 = Release|Any CPU
		{815ECFD4-467C-4C9F-93A6-F593176ABD23}.Debug|Any CPU.ActiveCfg = Debug|Any CPU
		{815ECFD4-467C-4C9F-93A6-F593176ABD23}.Debug|Any CPU.Build.0 = Debug|Any CPU
		{815ECFD4-467C-4C9F-93A6-F593176ABD23}.Debug|iPhone.ActiveCfg = Debug|Any CPU
		{815ECFD4-467C-4C9F-93A6-F593176ABD23}.Debug|iPhone.Build.0 = Debug|Any CPU
		{815ECFD4-467C-4C9F-93A6-F593176ABD23}.Debug|iPhoneSimulator.ActiveCfg = Debug|Any CPU
		{815ECFD4-467C-4C9F-93A6-F593176ABD23}.Debug|iPhoneSimulator.Build.0 = Debug|Any CPU
		{815ECFD4-467C-4C9F-93A6-F593176ABD23}.Release|Any CPU.ActiveCfg = Release|Any CPU
		{815ECFD4-467C-4C9F-93A6-F593176ABD23}.Release|Any CPU.Build.0 = Release|Any CPU
		{815ECFD4-467C-4C9F-93A6-F593176ABD23}.Release|iPhone.ActiveCfg = Release|Any CPU
		{815ECFD4-467C-4C9F-93A6-F593176ABD23}.Release|iPhone.Build.0 = Release|Any CPU
		{815ECFD4-467C-4C9F-93A6-F593176ABD23}.Release|iPhoneSimulator.ActiveCfg = Release|Any CPU
		{815ECFD4-467C-4C9F-93A6-F593176ABD23}.Release|iPhoneSimulator.Build.0 = Release|Any CPU
		{23AF8F55-445C-453A-8DF0-95F1CF10E2DE}.Ad-Hoc|Any CPU.ActiveCfg = Release|Any CPU
		{23AF8F55-445C-453A-8DF0-95F1CF10E2DE}.Ad-Hoc|Any CPU.Build.0 = Release|Any CPU
		{23AF8F55-445C-453A-8DF0-95F1CF10E2DE}.Ad-Hoc|iPhone.ActiveCfg = Release|Any CPU
		{23AF8F55-445C-453A-8DF0-95F1CF10E2DE}.Ad-Hoc|iPhone.Build.0 = Release|Any CPU
		{23AF8F55-445C-453A-8DF0-95F1CF10E2DE}.Ad-Hoc|iPhoneSimulator.ActiveCfg = Release|Any CPU
		{23AF8F55-445C-453A-8DF0-95F1CF10E2DE}.Ad-Hoc|iPhoneSimulator.Build.0 = Release|Any CPU
		{23AF8F55-445C-453A-8DF0-95F1CF10E2DE}.AppStore|Any CPU.ActiveCfg = Release|Any CPU
		{23AF8F55-445C-453A-8DF0-95F1CF10E2DE}.AppStore|Any CPU.Build.0 = Release|Any CPU
		{23AF8F55-445C-453A-8DF0-95F1CF10E2DE}.AppStore|iPhone.ActiveCfg = Release|Any CPU
		{23AF8F55-445C-453A-8DF0-95F1CF10E2DE}.AppStore|iPhone.Build.0 = Release|Any CPU
		{23AF8F55-445C-453A-8DF0-95F1CF10E2DE}.AppStore|iPhoneSimulator.ActiveCfg = Release|Any CPU
		{23AF8F55-445C-453A-8DF0-95F1CF10E2DE}.AppStore|iPhoneSimulator.Build.0 = Release|Any CPU
		{23AF8F55-445C-453A-8DF0-95F1CF10E2DE}.Debug|Any CPU.ActiveCfg = Debug|Any CPU
		{23AF8F55-445C-453A-8DF0-95F1CF10E2DE}.Debug|Any CPU.Build.0 = Debug|Any CPU
		{23AF8F55-445C-453A-8DF0-95F1CF10E2DE}.Debug|iPhone.ActiveCfg = Debug|Any CPU
		{23AF8F55-445C-453A-8DF0-95F1CF10E2DE}.Debug|iPhone.Build.0 = Debug|Any CPU
		{23AF8F55-445C-453A-8DF0-95F1CF10E2DE}.Debug|iPhoneSimulator.ActiveCfg = Debug|Any CPU
		{23AF8F55-445C-453A-8DF0-95F1CF10E2DE}.Debug|iPhoneSimulator.Build.0 = Debug|Any CPU
		{23AF8F55-445C-453A-8DF0-95F1CF10E2DE}.Release|Any CPU.ActiveCfg = Release|Any CPU
		{23AF8F55-445C-453A-8DF0-95F1CF10E2DE}.Release|Any CPU.Build.0 = Release|Any CPU
		{23AF8F55-445C-453A-8DF0-95F1CF10E2DE}.Release|iPhone.ActiveCfg = Release|Any CPU
		{23AF8F55-445C-453A-8DF0-95F1CF10E2DE}.Release|iPhone.Build.0 = Release|Any CPU
		{23AF8F55-445C-453A-8DF0-95F1CF10E2DE}.Release|iPhoneSimulator.ActiveCfg = Release|Any CPU
		{23AF8F55-445C-453A-8DF0-95F1CF10E2DE}.Release|iPhoneSimulator.Build.0 = Release|Any CPU
		{FD4516AA-020F-4A43-9981-47FB17FFEE0E}.Ad-Hoc|Any CPU.ActiveCfg = Release|Any CPU
		{FD4516AA-020F-4A43-9981-47FB17FFEE0E}.Ad-Hoc|Any CPU.Build.0 = Release|Any CPU
		{FD4516AA-020F-4A43-9981-47FB17FFEE0E}.Ad-Hoc|iPhone.ActiveCfg = Release|Any CPU
		{FD4516AA-020F-4A43-9981-47FB17FFEE0E}.Ad-Hoc|iPhone.Build.0 = Release|Any CPU
		{FD4516AA-020F-4A43-9981-47FB17FFEE0E}.Ad-Hoc|iPhoneSimulator.ActiveCfg = Release|Any CPU
		{FD4516AA-020F-4A43-9981-47FB17FFEE0E}.Ad-Hoc|iPhoneSimulator.Build.0 = Release|Any CPU
		{FD4516AA-020F-4A43-9981-47FB17FFEE0E}.AppStore|Any CPU.ActiveCfg = Release|Any CPU
		{FD4516AA-020F-4A43-9981-47FB17FFEE0E}.AppStore|Any CPU.Build.0 = Release|Any CPU
		{FD4516AA-020F-4A43-9981-47FB17FFEE0E}.AppStore|iPhone.ActiveCfg = Release|Any CPU
		{FD4516AA-020F-4A43-9981-47FB17FFEE0E}.AppStore|iPhone.Build.0 = Release|Any CPU
		{FD4516AA-020F-4A43-9981-47FB17FFEE0E}.AppStore|iPhoneSimulator.ActiveCfg = Release|Any CPU
		{FD4516AA-020F-4A43-9981-47FB17FFEE0E}.AppStore|iPhoneSimulator.Build.0 = Release|Any CPU
		{FD4516AA-020F-4A43-9981-47FB17FFEE0E}.Debug|Any CPU.ActiveCfg = Debug|Any CPU
		{FD4516AA-020F-4A43-9981-47FB17FFEE0E}.Debug|Any CPU.Build.0 = Debug|Any CPU
		{FD4516AA-020F-4A43-9981-47FB17FFEE0E}.Debug|iPhone.ActiveCfg = Debug|Any CPU
		{FD4516AA-020F-4A43-9981-47FB17FFEE0E}.Debug|iPhone.Build.0 = Debug|Any CPU
		{FD4516AA-020F-4A43-9981-47FB17FFEE0E}.Debug|iPhoneSimulator.ActiveCfg = Debug|Any CPU
		{FD4516AA-020F-4A43-9981-47FB17FFEE0E}.Debug|iPhoneSimulator.Build.0 = Debug|Any CPU
		{FD4516AA-020F-4A43-9981-47FB17FFEE0E}.Release|Any CPU.ActiveCfg = Release|Any CPU
		{FD4516AA-020F-4A43-9981-47FB17FFEE0E}.Release|Any CPU.Build.0 = Release|Any CPU
		{FD4516AA-020F-4A43-9981-47FB17FFEE0E}.Release|iPhone.ActiveCfg = Release|Any CPU
		{FD4516AA-020F-4A43-9981-47FB17FFEE0E}.Release|iPhone.Build.0 = Release|Any CPU
		{FD4516AA-020F-4A43-9981-47FB17FFEE0E}.Release|iPhoneSimulator.ActiveCfg = Release|Any CPU
		{FD4516AA-020F-4A43-9981-47FB17FFEE0E}.Release|iPhoneSimulator.Build.0 = Release|Any CPU
		{EBF64A90-6849-4C53-9B1A-C9795C6A4C29}.Ad-Hoc|Any CPU.ActiveCfg = Release|Any CPU
		{EBF64A90-6849-4C53-9B1A-C9795C6A4C29}.Ad-Hoc|Any CPU.Build.0 = Release|Any CPU
		{EBF64A90-6849-4C53-9B1A-C9795C6A4C29}.Ad-Hoc|iPhone.ActiveCfg = Release|Any CPU
		{EBF64A90-6849-4C53-9B1A-C9795C6A4C29}.Ad-Hoc|iPhone.Build.0 = Release|Any CPU
		{EBF64A90-6849-4C53-9B1A-C9795C6A4C29}.Ad-Hoc|iPhoneSimulator.ActiveCfg = Release|Any CPU
		{EBF64A90-6849-4C53-9B1A-C9795C6A4C29}.Ad-Hoc|iPhoneSimulator.Build.0 = Release|Any CPU
		{EBF64A90-6849-4C53-9B1A-C9795C6A4C29}.AppStore|Any CPU.ActiveCfg = Release|Any CPU
		{EBF64A90-6849-4C53-9B1A-C9795C6A4C29}.AppStore|Any CPU.Build.0 = Release|Any CPU
		{EBF64A90-6849-4C53-9B1A-C9795C6A4C29}.AppStore|iPhone.ActiveCfg = Release|Any CPU
		{EBF64A90-6849-4C53-9B1A-C9795C6A4C29}.AppStore|iPhone.Build.0 = Release|Any CPU
		{EBF64A90-6849-4C53-9B1A-C9795C6A4C29}.AppStore|iPhoneSimulator.ActiveCfg = Release|Any CPU
		{EBF64A90-6849-4C53-9B1A-C9795C6A4C29}.AppStore|iPhoneSimulator.Build.0 = Release|Any CPU
		{EBF64A90-6849-4C53-9B1A-C9795C6A4C29}.Debug|Any CPU.ActiveCfg = Debug|Any CPU
		{EBF64A90-6849-4C53-9B1A-C9795C6A4C29}.Debug|Any CPU.Build.0 = Debug|Any CPU
		{EBF64A90-6849-4C53-9B1A-C9795C6A4C29}.Debug|iPhone.ActiveCfg = Debug|Any CPU
		{EBF64A90-6849-4C53-9B1A-C9795C6A4C29}.Debug|iPhone.Build.0 = Debug|Any CPU
		{EBF64A90-6849-4C53-9B1A-C9795C6A4C29}.Debug|iPhoneSimulator.ActiveCfg = Debug|Any CPU
		{EBF64A90-6849-4C53-9B1A-C9795C6A4C29}.Debug|iPhoneSimulator.Build.0 = Debug|Any CPU
		{EBF64A90-6849-4C53-9B1A-C9795C6A4C29}.Release|Any CPU.ActiveCfg = Release|Any CPU
		{EBF64A90-6849-4C53-9B1A-C9795C6A4C29}.Release|Any CPU.Build.0 = Release|Any CPU
		{EBF64A90-6849-4C53-9B1A-C9795C6A4C29}.Release|iPhone.ActiveCfg = Release|Any CPU
		{EBF64A90-6849-4C53-9B1A-C9795C6A4C29}.Release|iPhone.Build.0 = Release|Any CPU
		{EBF64A90-6849-4C53-9B1A-C9795C6A4C29}.Release|iPhoneSimulator.ActiveCfg = Release|Any CPU
		{EBF64A90-6849-4C53-9B1A-C9795C6A4C29}.Release|iPhoneSimulator.Build.0 = Release|Any CPU
		{1C45F173-DF04-4356-BE54-5B9517FE4ABA}.Ad-Hoc|Any CPU.ActiveCfg = Release|Any CPU
		{1C45F173-DF04-4356-BE54-5B9517FE4ABA}.Ad-Hoc|Any CPU.Build.0 = Release|Any CPU
		{1C45F173-DF04-4356-BE54-5B9517FE4ABA}.Ad-Hoc|iPhone.ActiveCfg = Release|Any CPU
		{1C45F173-DF04-4356-BE54-5B9517FE4ABA}.Ad-Hoc|iPhone.Build.0 = Release|Any CPU
		{1C45F173-DF04-4356-BE54-5B9517FE4ABA}.Ad-Hoc|iPhoneSimulator.ActiveCfg = Release|Any CPU
		{1C45F173-DF04-4356-BE54-5B9517FE4ABA}.Ad-Hoc|iPhoneSimulator.Build.0 = Release|Any CPU
		{1C45F173-DF04-4356-BE54-5B9517FE4ABA}.AppStore|Any CPU.ActiveCfg = Release|Any CPU
		{1C45F173-DF04-4356-BE54-5B9517FE4ABA}.AppStore|Any CPU.Build.0 = Release|Any CPU
		{1C45F173-DF04-4356-BE54-5B9517FE4ABA}.AppStore|iPhone.ActiveCfg = Release|Any CPU
		{1C45F173-DF04-4356-BE54-5B9517FE4ABA}.AppStore|iPhone.Build.0 = Release|Any CPU
		{1C45F173-DF04-4356-BE54-5B9517FE4ABA}.AppStore|iPhoneSimulator.ActiveCfg = Release|Any CPU
		{1C45F173-DF04-4356-BE54-5B9517FE4ABA}.AppStore|iPhoneSimulator.Build.0 = Release|Any CPU
		{1C45F173-DF04-4356-BE54-5B9517FE4ABA}.Debug|Any CPU.ActiveCfg = Debug|Any CPU
		{1C45F173-DF04-4356-BE54-5B9517FE4ABA}.Debug|Any CPU.Build.0 = Debug|Any CPU
		{1C45F173-DF04-4356-BE54-5B9517FE4ABA}.Debug|iPhone.ActiveCfg = Debug|Any CPU
		{1C45F173-DF04-4356-BE54-5B9517FE4ABA}.Debug|iPhone.Build.0 = Debug|Any CPU
		{1C45F173-DF04-4356-BE54-5B9517FE4ABA}.Debug|iPhoneSimulator.ActiveCfg = Debug|Any CPU
		{1C45F173-DF04-4356-BE54-5B9517FE4ABA}.Debug|iPhoneSimulator.Build.0 = Debug|Any CPU
		{1C45F173-DF04-4356-BE54-5B9517FE4ABA}.Release|Any CPU.ActiveCfg = Release|Any CPU
		{1C45F173-DF04-4356-BE54-5B9517FE4ABA}.Release|Any CPU.Build.0 = Release|Any CPU
		{1C45F173-DF04-4356-BE54-5B9517FE4ABA}.Release|iPhone.ActiveCfg = Release|Any CPU
		{1C45F173-DF04-4356-BE54-5B9517FE4ABA}.Release|iPhone.Build.0 = Release|Any CPU
		{1C45F173-DF04-4356-BE54-5B9517FE4ABA}.Release|iPhoneSimulator.ActiveCfg = Release|Any CPU
		{1C45F173-DF04-4356-BE54-5B9517FE4ABA}.Release|iPhoneSimulator.Build.0 = Release|Any CPU
		{8E8629D2-46DC-4495-A85E-A0E802249EE2}.Ad-Hoc|Any CPU.ActiveCfg = Release|Any CPU
		{8E8629D2-46DC-4495-A85E-A0E802249EE2}.Ad-Hoc|Any CPU.Build.0 = Release|Any CPU
		{8E8629D2-46DC-4495-A85E-A0E802249EE2}.Ad-Hoc|iPhone.ActiveCfg = Release|Any CPU
		{8E8629D2-46DC-4495-A85E-A0E802249EE2}.Ad-Hoc|iPhone.Build.0 = Release|Any CPU
		{8E8629D2-46DC-4495-A85E-A0E802249EE2}.Ad-Hoc|iPhoneSimulator.ActiveCfg = Release|Any CPU
		{8E8629D2-46DC-4495-A85E-A0E802249EE2}.Ad-Hoc|iPhoneSimulator.Build.0 = Release|Any CPU
		{8E8629D2-46DC-4495-A85E-A0E802249EE2}.AppStore|Any CPU.ActiveCfg = Release|Any CPU
		{8E8629D2-46DC-4495-A85E-A0E802249EE2}.AppStore|Any CPU.Build.0 = Release|Any CPU
		{8E8629D2-46DC-4495-A85E-A0E802249EE2}.AppStore|iPhone.ActiveCfg = Release|Any CPU
		{8E8629D2-46DC-4495-A85E-A0E802249EE2}.AppStore|iPhone.Build.0 = Release|Any CPU
		{8E8629D2-46DC-4495-A85E-A0E802249EE2}.AppStore|iPhoneSimulator.ActiveCfg = Release|Any CPU
		{8E8629D2-46DC-4495-A85E-A0E802249EE2}.AppStore|iPhoneSimulator.Build.0 = Release|Any CPU
		{8E8629D2-46DC-4495-A85E-A0E802249EE2}.Debug|Any CPU.ActiveCfg = Debug|Any CPU
		{8E8629D2-46DC-4495-A85E-A0E802249EE2}.Debug|Any CPU.Build.0 = Debug|Any CPU
		{8E8629D2-46DC-4495-A85E-A0E802249EE2}.Debug|iPhone.ActiveCfg = Debug|Any CPU
		{8E8629D2-46DC-4495-A85E-A0E802249EE2}.Debug|iPhone.Build.0 = Debug|Any CPU
		{8E8629D2-46DC-4495-A85E-A0E802249EE2}.Debug|iPhoneSimulator.ActiveCfg = Debug|Any CPU
		{8E8629D2-46DC-4495-A85E-A0E802249EE2}.Debug|iPhoneSimulator.Build.0 = Debug|Any CPU
		{8E8629D2-46DC-4495-A85E-A0E802249EE2}.Release|Any CPU.ActiveCfg = Release|Any CPU
		{8E8629D2-46DC-4495-A85E-A0E802249EE2}.Release|Any CPU.Build.0 = Release|Any CPU
		{8E8629D2-46DC-4495-A85E-A0E802249EE2}.Release|iPhone.ActiveCfg = Release|Any CPU
		{8E8629D2-46DC-4495-A85E-A0E802249EE2}.Release|iPhone.Build.0 = Release|Any CPU
		{8E8629D2-46DC-4495-A85E-A0E802249EE2}.Release|iPhoneSimulator.ActiveCfg = Release|Any CPU
		{8E8629D2-46DC-4495-A85E-A0E802249EE2}.Release|iPhoneSimulator.Build.0 = Release|Any CPU
		{AE24154A-BDCF-491B-AA8F-19436EC2E2B2}.Ad-Hoc|Any CPU.ActiveCfg = Release|Any CPU
		{AE24154A-BDCF-491B-AA8F-19436EC2E2B2}.Ad-Hoc|Any CPU.Build.0 = Release|Any CPU
		{AE24154A-BDCF-491B-AA8F-19436EC2E2B2}.Ad-Hoc|iPhone.ActiveCfg = Release|Any CPU
		{AE24154A-BDCF-491B-AA8F-19436EC2E2B2}.Ad-Hoc|iPhone.Build.0 = Release|Any CPU
		{AE24154A-BDCF-491B-AA8F-19436EC2E2B2}.Ad-Hoc|iPhoneSimulator.ActiveCfg = Release|Any CPU
		{AE24154A-BDCF-491B-AA8F-19436EC2E2B2}.Ad-Hoc|iPhoneSimulator.Build.0 = Release|Any CPU
		{AE24154A-BDCF-491B-AA8F-19436EC2E2B2}.AppStore|Any CPU.ActiveCfg = Release|Any CPU
		{AE24154A-BDCF-491B-AA8F-19436EC2E2B2}.AppStore|Any CPU.Build.0 = Release|Any CPU
		{AE24154A-BDCF-491B-AA8F-19436EC2E2B2}.AppStore|iPhone.ActiveCfg = Release|Any CPU
		{AE24154A-BDCF-491B-AA8F-19436EC2E2B2}.AppStore|iPhone.Build.0 = Release|Any CPU
		{AE24154A-BDCF-491B-AA8F-19436EC2E2B2}.AppStore|iPhoneSimulator.ActiveCfg = Release|Any CPU
		{AE24154A-BDCF-491B-AA8F-19436EC2E2B2}.AppStore|iPhoneSimulator.Build.0 = Release|Any CPU
		{AE24154A-BDCF-491B-AA8F-19436EC2E2B2}.Debug|Any CPU.ActiveCfg = Debug|Any CPU
		{AE24154A-BDCF-491B-AA8F-19436EC2E2B2}.Debug|Any CPU.Build.0 = Debug|Any CPU
		{AE24154A-BDCF-491B-AA8F-19436EC2E2B2}.Debug|iPhone.ActiveCfg = Debug|Any CPU
		{AE24154A-BDCF-491B-AA8F-19436EC2E2B2}.Debug|iPhone.Build.0 = Debug|Any CPU
		{AE24154A-BDCF-491B-AA8F-19436EC2E2B2}.Debug|iPhoneSimulator.ActiveCfg = Debug|Any CPU
		{AE24154A-BDCF-491B-AA8F-19436EC2E2B2}.Debug|iPhoneSimulator.Build.0 = Debug|Any CPU
		{AE24154A-BDCF-491B-AA8F-19436EC2E2B2}.Release|Any CPU.ActiveCfg = Release|Any CPU
		{AE24154A-BDCF-491B-AA8F-19436EC2E2B2}.Release|Any CPU.Build.0 = Release|Any CPU
		{AE24154A-BDCF-491B-AA8F-19436EC2E2B2}.Release|iPhone.ActiveCfg = Release|Any CPU
		{AE24154A-BDCF-491B-AA8F-19436EC2E2B2}.Release|iPhone.Build.0 = Release|Any CPU
		{AE24154A-BDCF-491B-AA8F-19436EC2E2B2}.Release|iPhoneSimulator.ActiveCfg = Release|Any CPU
		{AE24154A-BDCF-491B-AA8F-19436EC2E2B2}.Release|iPhoneSimulator.Build.0 = Release|Any CPU
		{59674BE7-7515-436A-87EB-DEABCA5BB0A2}.Ad-Hoc|Any CPU.ActiveCfg = Release|Any CPU
		{59674BE7-7515-436A-87EB-DEABCA5BB0A2}.Ad-Hoc|Any CPU.Build.0 = Release|Any CPU
		{59674BE7-7515-436A-87EB-DEABCA5BB0A2}.Ad-Hoc|iPhone.ActiveCfg = Release|Any CPU
		{59674BE7-7515-436A-87EB-DEABCA5BB0A2}.Ad-Hoc|iPhone.Build.0 = Release|Any CPU
		{59674BE7-7515-436A-87EB-DEABCA5BB0A2}.Ad-Hoc|iPhoneSimulator.ActiveCfg = Release|Any CPU
		{59674BE7-7515-436A-87EB-DEABCA5BB0A2}.Ad-Hoc|iPhoneSimulator.Build.0 = Release|Any CPU
		{59674BE7-7515-436A-87EB-DEABCA5BB0A2}.AppStore|Any CPU.ActiveCfg = Release|Any CPU
		{59674BE7-7515-436A-87EB-DEABCA5BB0A2}.AppStore|Any CPU.Build.0 = Release|Any CPU
		{59674BE7-7515-436A-87EB-DEABCA5BB0A2}.AppStore|iPhone.ActiveCfg = Release|Any CPU
		{59674BE7-7515-436A-87EB-DEABCA5BB0A2}.AppStore|iPhone.Build.0 = Release|Any CPU
		{59674BE7-7515-436A-87EB-DEABCA5BB0A2}.AppStore|iPhoneSimulator.ActiveCfg = Release|Any CPU
		{59674BE7-7515-436A-87EB-DEABCA5BB0A2}.AppStore|iPhoneSimulator.Build.0 = Release|Any CPU
		{59674BE7-7515-436A-87EB-DEABCA5BB0A2}.Debug|Any CPU.ActiveCfg = Debug|Any CPU
		{59674BE7-7515-436A-87EB-DEABCA5BB0A2}.Debug|Any CPU.Build.0 = Debug|Any CPU
		{59674BE7-7515-436A-87EB-DEABCA5BB0A2}.Debug|iPhone.ActiveCfg = Debug|Any CPU
		{59674BE7-7515-436A-87EB-DEABCA5BB0A2}.Debug|iPhone.Build.0 = Debug|Any CPU
		{59674BE7-7515-436A-87EB-DEABCA5BB0A2}.Debug|iPhoneSimulator.ActiveCfg = Debug|Any CPU
		{59674BE7-7515-436A-87EB-DEABCA5BB0A2}.Debug|iPhoneSimulator.Build.0 = Debug|Any CPU
		{59674BE7-7515-436A-87EB-DEABCA5BB0A2}.Release|Any CPU.ActiveCfg = Release|Any CPU
		{59674BE7-7515-436A-87EB-DEABCA5BB0A2}.Release|Any CPU.Build.0 = Release|Any CPU
		{59674BE7-7515-436A-87EB-DEABCA5BB0A2}.Release|iPhone.ActiveCfg = Release|Any CPU
		{59674BE7-7515-436A-87EB-DEABCA5BB0A2}.Release|iPhone.Build.0 = Release|Any CPU
		{59674BE7-7515-436A-87EB-DEABCA5BB0A2}.Release|iPhoneSimulator.ActiveCfg = Release|Any CPU
		{59674BE7-7515-436A-87EB-DEABCA5BB0A2}.Release|iPhoneSimulator.Build.0 = Release|Any CPU
		{059719D4-CAA5-468C-8E46-A15A9FB6EFB6}.Ad-Hoc|Any CPU.ActiveCfg = Debug|Any CPU
		{059719D4-CAA5-468C-8E46-A15A9FB6EFB6}.Ad-Hoc|Any CPU.Build.0 = Debug|Any CPU
		{059719D4-CAA5-468C-8E46-A15A9FB6EFB6}.Ad-Hoc|iPhone.ActiveCfg = Debug|Any CPU
		{059719D4-CAA5-468C-8E46-A15A9FB6EFB6}.Ad-Hoc|iPhone.Build.0 = Debug|Any CPU
		{059719D4-CAA5-468C-8E46-A15A9FB6EFB6}.Ad-Hoc|iPhoneSimulator.ActiveCfg = Debug|Any CPU
		{059719D4-CAA5-468C-8E46-A15A9FB6EFB6}.Ad-Hoc|iPhoneSimulator.Build.0 = Debug|Any CPU
		{059719D4-CAA5-468C-8E46-A15A9FB6EFB6}.AppStore|Any CPU.ActiveCfg = Debug|Any CPU
		{059719D4-CAA5-468C-8E46-A15A9FB6EFB6}.AppStore|Any CPU.Build.0 = Debug|Any CPU
		{059719D4-CAA5-468C-8E46-A15A9FB6EFB6}.AppStore|iPhone.ActiveCfg = Debug|Any CPU
		{059719D4-CAA5-468C-8E46-A15A9FB6EFB6}.AppStore|iPhone.Build.0 = Debug|Any CPU
		{059719D4-CAA5-468C-8E46-A15A9FB6EFB6}.AppStore|iPhoneSimulator.ActiveCfg = Debug|Any CPU
		{059719D4-CAA5-468C-8E46-A15A9FB6EFB6}.AppStore|iPhoneSimulator.Build.0 = Debug|Any CPU
		{059719D4-CAA5-468C-8E46-A15A9FB6EFB6}.Debug|Any CPU.ActiveCfg = Debug|Any CPU
		{059719D4-CAA5-468C-8E46-A15A9FB6EFB6}.Debug|Any CPU.Build.0 = Debug|Any CPU
		{059719D4-CAA5-468C-8E46-A15A9FB6EFB6}.Debug|iPhone.ActiveCfg = Debug|Any CPU
		{059719D4-CAA5-468C-8E46-A15A9FB6EFB6}.Debug|iPhone.Build.0 = Debug|Any CPU
		{059719D4-CAA5-468C-8E46-A15A9FB6EFB6}.Debug|iPhoneSimulator.ActiveCfg = Debug|Any CPU
		{059719D4-CAA5-468C-8E46-A15A9FB6EFB6}.Debug|iPhoneSimulator.Build.0 = Debug|Any CPU
		{059719D4-CAA5-468C-8E46-A15A9FB6EFB6}.Release|Any CPU.ActiveCfg = Release|Any CPU
		{059719D4-CAA5-468C-8E46-A15A9FB6EFB6}.Release|Any CPU.Build.0 = Release|Any CPU
		{059719D4-CAA5-468C-8E46-A15A9FB6EFB6}.Release|iPhone.ActiveCfg = Release|Any CPU
		{059719D4-CAA5-468C-8E46-A15A9FB6EFB6}.Release|iPhone.Build.0 = Release|Any CPU
		{059719D4-CAA5-468C-8E46-A15A9FB6EFB6}.Release|iPhoneSimulator.ActiveCfg = Release|Any CPU
		{059719D4-CAA5-468C-8E46-A15A9FB6EFB6}.Release|iPhoneSimulator.Build.0 = Release|Any CPU
		{9D67B8C3-3E2E-4D07-9DB8-2A1785111C18}.Ad-Hoc|Any CPU.ActiveCfg = Debug|Any CPU
		{9D67B8C3-3E2E-4D07-9DB8-2A1785111C18}.Ad-Hoc|Any CPU.Build.0 = Debug|Any CPU
		{9D67B8C3-3E2E-4D07-9DB8-2A1785111C18}.Ad-Hoc|iPhone.ActiveCfg = Debug|Any CPU
		{9D67B8C3-3E2E-4D07-9DB8-2A1785111C18}.Ad-Hoc|iPhone.Build.0 = Debug|Any CPU
		{9D67B8C3-3E2E-4D07-9DB8-2A1785111C18}.Ad-Hoc|iPhoneSimulator.ActiveCfg = Debug|Any CPU
		{9D67B8C3-3E2E-4D07-9DB8-2A1785111C18}.Ad-Hoc|iPhoneSimulator.Build.0 = Debug|Any CPU
		{9D67B8C3-3E2E-4D07-9DB8-2A1785111C18}.AppStore|Any CPU.ActiveCfg = Debug|Any CPU
		{9D67B8C3-3E2E-4D07-9DB8-2A1785111C18}.AppStore|Any CPU.Build.0 = Debug|Any CPU
		{9D67B8C3-3E2E-4D07-9DB8-2A1785111C18}.AppStore|iPhone.ActiveCfg = Debug|Any CPU
		{9D67B8C3-3E2E-4D07-9DB8-2A1785111C18}.AppStore|iPhone.Build.0 = Debug|Any CPU
		{9D67B8C3-3E2E-4D07-9DB8-2A1785111C18}.AppStore|iPhoneSimulator.ActiveCfg = Debug|Any CPU
		{9D67B8C3-3E2E-4D07-9DB8-2A1785111C18}.AppStore|iPhoneSimulator.Build.0 = Debug|Any CPU
		{9D67B8C3-3E2E-4D07-9DB8-2A1785111C18}.Debug|Any CPU.ActiveCfg = Debug|Any CPU
		{9D67B8C3-3E2E-4D07-9DB8-2A1785111C18}.Debug|Any CPU.Build.0 = Debug|Any CPU
		{9D67B8C3-3E2E-4D07-9DB8-2A1785111C18}.Debug|iPhone.ActiveCfg = Debug|Any CPU
		{9D67B8C3-3E2E-4D07-9DB8-2A1785111C18}.Debug|iPhone.Build.0 = Debug|Any CPU
		{9D67B8C3-3E2E-4D07-9DB8-2A1785111C18}.Debug|iPhoneSimulator.ActiveCfg = Debug|Any CPU
		{9D67B8C3-3E2E-4D07-9DB8-2A1785111C18}.Debug|iPhoneSimulator.Build.0 = Debug|Any CPU
		{9D67B8C3-3E2E-4D07-9DB8-2A1785111C18}.Release|Any CPU.ActiveCfg = Release|Any CPU
		{9D67B8C3-3E2E-4D07-9DB8-2A1785111C18}.Release|Any CPU.Build.0 = Release|Any CPU
		{9D67B8C3-3E2E-4D07-9DB8-2A1785111C18}.Release|iPhone.ActiveCfg = Release|Any CPU
		{9D67B8C3-3E2E-4D07-9DB8-2A1785111C18}.Release|iPhone.Build.0 = Release|Any CPU
		{9D67B8C3-3E2E-4D07-9DB8-2A1785111C18}.Release|iPhoneSimulator.ActiveCfg = Release|Any CPU
		{9D67B8C3-3E2E-4D07-9DB8-2A1785111C18}.Release|iPhoneSimulator.Build.0 = Release|Any CPU
		{86370E8B-257D-4173-AF51-C28157C4D179}.Ad-Hoc|Any CPU.ActiveCfg = Release|Any CPU
		{86370E8B-257D-4173-AF51-C28157C4D179}.Ad-Hoc|Any CPU.Build.0 = Release|Any CPU
		{86370E8B-257D-4173-AF51-C28157C4D179}.Ad-Hoc|Any CPU.Deploy.0 = Release|Any CPU
		{86370E8B-257D-4173-AF51-C28157C4D179}.Ad-Hoc|iPhone.ActiveCfg = Release|Any CPU
		{86370E8B-257D-4173-AF51-C28157C4D179}.Ad-Hoc|iPhone.Build.0 = Release|Any CPU
		{86370E8B-257D-4173-AF51-C28157C4D179}.Ad-Hoc|iPhone.Deploy.0 = Release|Any CPU
		{86370E8B-257D-4173-AF51-C28157C4D179}.Ad-Hoc|iPhoneSimulator.ActiveCfg = Release|Any CPU
		{86370E8B-257D-4173-AF51-C28157C4D179}.Ad-Hoc|iPhoneSimulator.Build.0 = Release|Any CPU
		{86370E8B-257D-4173-AF51-C28157C4D179}.Ad-Hoc|iPhoneSimulator.Deploy.0 = Release|Any CPU
		{86370E8B-257D-4173-AF51-C28157C4D179}.AppStore|Any CPU.ActiveCfg = Release|Any CPU
		{86370E8B-257D-4173-AF51-C28157C4D179}.AppStore|Any CPU.Build.0 = Release|Any CPU
		{86370E8B-257D-4173-AF51-C28157C4D179}.AppStore|Any CPU.Deploy.0 = Release|Any CPU
		{86370E8B-257D-4173-AF51-C28157C4D179}.AppStore|iPhone.ActiveCfg = Release|Any CPU
		{86370E8B-257D-4173-AF51-C28157C4D179}.AppStore|iPhone.Build.0 = Release|Any CPU
		{86370E8B-257D-4173-AF51-C28157C4D179}.AppStore|iPhone.Deploy.0 = Release|Any CPU
		{86370E8B-257D-4173-AF51-C28157C4D179}.AppStore|iPhoneSimulator.ActiveCfg = Release|Any CPU
		{86370E8B-257D-4173-AF51-C28157C4D179}.AppStore|iPhoneSimulator.Build.0 = Release|Any CPU
		{86370E8B-257D-4173-AF51-C28157C4D179}.AppStore|iPhoneSimulator.Deploy.0 = Release|Any CPU
		{86370E8B-257D-4173-AF51-C28157C4D179}.Debug|Any CPU.ActiveCfg = Debug|Any CPU
		{86370E8B-257D-4173-AF51-C28157C4D179}.Debug|Any CPU.Build.0 = Debug|Any CPU
		{86370E8B-257D-4173-AF51-C28157C4D179}.Debug|Any CPU.Deploy.0 = Debug|Any CPU
		{86370E8B-257D-4173-AF51-C28157C4D179}.Debug|iPhone.ActiveCfg = Debug|Any CPU
		{86370E8B-257D-4173-AF51-C28157C4D179}.Debug|iPhone.Build.0 = Debug|Any CPU
		{86370E8B-257D-4173-AF51-C28157C4D179}.Debug|iPhone.Deploy.0 = Debug|Any CPU
		{86370E8B-257D-4173-AF51-C28157C4D179}.Debug|iPhoneSimulator.ActiveCfg = Debug|Any CPU
		{86370E8B-257D-4173-AF51-C28157C4D179}.Debug|iPhoneSimulator.Build.0 = Debug|Any CPU
		{86370E8B-257D-4173-AF51-C28157C4D179}.Debug|iPhoneSimulator.Deploy.0 = Debug|Any CPU
		{86370E8B-257D-4173-AF51-C28157C4D179}.Release|Any CPU.ActiveCfg = Release|Any CPU
		{86370E8B-257D-4173-AF51-C28157C4D179}.Release|Any CPU.Build.0 = Release|Any CPU
		{86370E8B-257D-4173-AF51-C28157C4D179}.Release|Any CPU.Deploy.0 = Release|Any CPU
		{86370E8B-257D-4173-AF51-C28157C4D179}.Release|iPhone.ActiveCfg = Release|Any CPU
		{86370E8B-257D-4173-AF51-C28157C4D179}.Release|iPhone.Build.0 = Release|Any CPU
		{86370E8B-257D-4173-AF51-C28157C4D179}.Release|iPhone.Deploy.0 = Release|Any CPU
		{86370E8B-257D-4173-AF51-C28157C4D179}.Release|iPhoneSimulator.ActiveCfg = Release|Any CPU
		{86370E8B-257D-4173-AF51-C28157C4D179}.Release|iPhoneSimulator.Build.0 = Release|Any CPU
		{86370E8B-257D-4173-AF51-C28157C4D179}.Release|iPhoneSimulator.Deploy.0 = Release|Any CPU
		{E6CBBC66-C7DB-4C12-B444-FB193C8C6D05}.Ad-Hoc|Any CPU.ActiveCfg = Ad-Hoc|iPhone
		{E6CBBC66-C7DB-4C12-B444-FB193C8C6D05}.Ad-Hoc|iPhone.ActiveCfg = Ad-Hoc|iPhone
		{E6CBBC66-C7DB-4C12-B444-FB193C8C6D05}.Ad-Hoc|iPhone.Build.0 = Ad-Hoc|iPhone
		{E6CBBC66-C7DB-4C12-B444-FB193C8C6D05}.Ad-Hoc|iPhoneSimulator.ActiveCfg = Ad-Hoc|iPhoneSimulator
		{E6CBBC66-C7DB-4C12-B444-FB193C8C6D05}.Ad-Hoc|iPhoneSimulator.Build.0 = Ad-Hoc|iPhoneSimulator
		{E6CBBC66-C7DB-4C12-B444-FB193C8C6D05}.AppStore|Any CPU.ActiveCfg = AppStore|iPhone
		{E6CBBC66-C7DB-4C12-B444-FB193C8C6D05}.AppStore|iPhone.ActiveCfg = AppStore|iPhone
		{E6CBBC66-C7DB-4C12-B444-FB193C8C6D05}.AppStore|iPhone.Build.0 = AppStore|iPhone
		{E6CBBC66-C7DB-4C12-B444-FB193C8C6D05}.AppStore|iPhoneSimulator.ActiveCfg = AppStore|iPhoneSimulator
		{E6CBBC66-C7DB-4C12-B444-FB193C8C6D05}.AppStore|iPhoneSimulator.Build.0 = AppStore|iPhoneSimulator
		{E6CBBC66-C7DB-4C12-B444-FB193C8C6D05}.Debug|Any CPU.ActiveCfg = Debug|iPhone
		{E6CBBC66-C7DB-4C12-B444-FB193C8C6D05}.Debug|iPhone.ActiveCfg = Debug|iPhone
		{E6CBBC66-C7DB-4C12-B444-FB193C8C6D05}.Debug|iPhone.Build.0 = Debug|iPhone
		{E6CBBC66-C7DB-4C12-B444-FB193C8C6D05}.Debug|iPhoneSimulator.ActiveCfg = Debug|iPhoneSimulator
		{E6CBBC66-C7DB-4C12-B444-FB193C8C6D05}.Debug|iPhoneSimulator.Build.0 = Debug|iPhoneSimulator
		{E6CBBC66-C7DB-4C12-B444-FB193C8C6D05}.Release|Any CPU.ActiveCfg = Release|iPhone
		{E6CBBC66-C7DB-4C12-B444-FB193C8C6D05}.Release|iPhone.ActiveCfg = Release|iPhone
		{E6CBBC66-C7DB-4C12-B444-FB193C8C6D05}.Release|iPhone.Build.0 = Release|iPhone
		{E6CBBC66-C7DB-4C12-B444-FB193C8C6D05}.Release|iPhoneSimulator.ActiveCfg = Release|iPhoneSimulator
		{E6CBBC66-C7DB-4C12-B444-FB193C8C6D05}.Release|iPhoneSimulator.Build.0 = Release|iPhoneSimulator
		{3705A646-A31B-4218-8A9C-B0625C8DAC42}.Ad-Hoc|Any CPU.ActiveCfg = Debug|Any CPU
		{3705A646-A31B-4218-8A9C-B0625C8DAC42}.Ad-Hoc|Any CPU.Build.0 = Debug|Any CPU
		{3705A646-A31B-4218-8A9C-B0625C8DAC42}.Ad-Hoc|iPhone.ActiveCfg = Debug|Any CPU
		{3705A646-A31B-4218-8A9C-B0625C8DAC42}.Ad-Hoc|iPhone.Build.0 = Debug|Any CPU
		{3705A646-A31B-4218-8A9C-B0625C8DAC42}.Ad-Hoc|iPhoneSimulator.ActiveCfg = Debug|Any CPU
		{3705A646-A31B-4218-8A9C-B0625C8DAC42}.Ad-Hoc|iPhoneSimulator.Build.0 = Debug|Any CPU
		{3705A646-A31B-4218-8A9C-B0625C8DAC42}.AppStore|Any CPU.ActiveCfg = Debug|Any CPU
		{3705A646-A31B-4218-8A9C-B0625C8DAC42}.AppStore|Any CPU.Build.0 = Debug|Any CPU
		{3705A646-A31B-4218-8A9C-B0625C8DAC42}.AppStore|iPhone.ActiveCfg = Debug|Any CPU
		{3705A646-A31B-4218-8A9C-B0625C8DAC42}.AppStore|iPhone.Build.0 = Debug|Any CPU
		{3705A646-A31B-4218-8A9C-B0625C8DAC42}.AppStore|iPhoneSimulator.ActiveCfg = Debug|Any CPU
		{3705A646-A31B-4218-8A9C-B0625C8DAC42}.AppStore|iPhoneSimulator.Build.0 = Debug|Any CPU
		{3705A646-A31B-4218-8A9C-B0625C8DAC42}.Debug|Any CPU.ActiveCfg = Debug|Any CPU
		{3705A646-A31B-4218-8A9C-B0625C8DAC42}.Debug|Any CPU.Build.0 = Debug|Any CPU
		{3705A646-A31B-4218-8A9C-B0625C8DAC42}.Debug|iPhone.ActiveCfg = Debug|Any CPU
		{3705A646-A31B-4218-8A9C-B0625C8DAC42}.Debug|iPhone.Build.0 = Debug|Any CPU
		{3705A646-A31B-4218-8A9C-B0625C8DAC42}.Debug|iPhoneSimulator.ActiveCfg = Debug|Any CPU
		{3705A646-A31B-4218-8A9C-B0625C8DAC42}.Debug|iPhoneSimulator.Build.0 = Debug|Any CPU
		{3705A646-A31B-4218-8A9C-B0625C8DAC42}.Release|Any CPU.ActiveCfg = Release|Any CPU
		{3705A646-A31B-4218-8A9C-B0625C8DAC42}.Release|Any CPU.Build.0 = Release|Any CPU
		{3705A646-A31B-4218-8A9C-B0625C8DAC42}.Release|iPhone.ActiveCfg = Release|Any CPU
		{3705A646-A31B-4218-8A9C-B0625C8DAC42}.Release|iPhone.Build.0 = Release|Any CPU
		{3705A646-A31B-4218-8A9C-B0625C8DAC42}.Release|iPhoneSimulator.ActiveCfg = Release|Any CPU
		{3705A646-A31B-4218-8A9C-B0625C8DAC42}.Release|iPhoneSimulator.Build.0 = Release|Any CPU
		{1CE38DEE-2BFB-48E4-A31C-BA5AA12CAD14}.Ad-Hoc|Any CPU.ActiveCfg = Debug|Any CPU
		{1CE38DEE-2BFB-48E4-A31C-BA5AA12CAD14}.Ad-Hoc|Any CPU.Build.0 = Debug|Any CPU
		{1CE38DEE-2BFB-48E4-A31C-BA5AA12CAD14}.Ad-Hoc|iPhone.ActiveCfg = Debug|Any CPU
		{1CE38DEE-2BFB-48E4-A31C-BA5AA12CAD14}.Ad-Hoc|iPhone.Build.0 = Debug|Any CPU
		{1CE38DEE-2BFB-48E4-A31C-BA5AA12CAD14}.Ad-Hoc|iPhoneSimulator.ActiveCfg = Debug|Any CPU
		{1CE38DEE-2BFB-48E4-A31C-BA5AA12CAD14}.Ad-Hoc|iPhoneSimulator.Build.0 = Debug|Any CPU
		{1CE38DEE-2BFB-48E4-A31C-BA5AA12CAD14}.AppStore|Any CPU.ActiveCfg = Debug|Any CPU
		{1CE38DEE-2BFB-48E4-A31C-BA5AA12CAD14}.AppStore|Any CPU.Build.0 = Debug|Any CPU
		{1CE38DEE-2BFB-48E4-A31C-BA5AA12CAD14}.AppStore|iPhone.ActiveCfg = Debug|Any CPU
		{1CE38DEE-2BFB-48E4-A31C-BA5AA12CAD14}.AppStore|iPhone.Build.0 = Debug|Any CPU
		{1CE38DEE-2BFB-48E4-A31C-BA5AA12CAD14}.AppStore|iPhoneSimulator.ActiveCfg = Debug|Any CPU
		{1CE38DEE-2BFB-48E4-A31C-BA5AA12CAD14}.AppStore|iPhoneSimulator.Build.0 = Debug|Any CPU
		{1CE38DEE-2BFB-48E4-A31C-BA5AA12CAD14}.Debug|Any CPU.ActiveCfg = Debug|Any CPU
		{1CE38DEE-2BFB-48E4-A31C-BA5AA12CAD14}.Debug|Any CPU.Build.0 = Debug|Any CPU
		{1CE38DEE-2BFB-48E4-A31C-BA5AA12CAD14}.Debug|iPhone.ActiveCfg = Debug|Any CPU
		{1CE38DEE-2BFB-48E4-A31C-BA5AA12CAD14}.Debug|iPhone.Build.0 = Debug|Any CPU
		{1CE38DEE-2BFB-48E4-A31C-BA5AA12CAD14}.Debug|iPhoneSimulator.ActiveCfg = Debug|Any CPU
		{1CE38DEE-2BFB-48E4-A31C-BA5AA12CAD14}.Debug|iPhoneSimulator.Build.0 = Debug|Any CPU
		{1CE38DEE-2BFB-48E4-A31C-BA5AA12CAD14}.Release|Any CPU.ActiveCfg = Release|Any CPU
		{1CE38DEE-2BFB-48E4-A31C-BA5AA12CAD14}.Release|Any CPU.Build.0 = Release|Any CPU
		{1CE38DEE-2BFB-48E4-A31C-BA5AA12CAD14}.Release|iPhone.ActiveCfg = Release|Any CPU
		{1CE38DEE-2BFB-48E4-A31C-BA5AA12CAD14}.Release|iPhone.Build.0 = Release|Any CPU
		{1CE38DEE-2BFB-48E4-A31C-BA5AA12CAD14}.Release|iPhoneSimulator.ActiveCfg = Release|Any CPU
		{1CE38DEE-2BFB-48E4-A31C-BA5AA12CAD14}.Release|iPhoneSimulator.Build.0 = Release|Any CPU
		{4B40B680-A659-410E-9C98-EA1977D9EEB8}.Ad-Hoc|Any CPU.ActiveCfg = Debug|Any CPU
		{4B40B680-A659-410E-9C98-EA1977D9EEB8}.Ad-Hoc|Any CPU.Build.0 = Debug|Any CPU
		{4B40B680-A659-410E-9C98-EA1977D9EEB8}.Ad-Hoc|iPhone.ActiveCfg = Debug|Any CPU
		{4B40B680-A659-410E-9C98-EA1977D9EEB8}.Ad-Hoc|iPhone.Build.0 = Debug|Any CPU
		{4B40B680-A659-410E-9C98-EA1977D9EEB8}.Ad-Hoc|iPhoneSimulator.ActiveCfg = Debug|Any CPU
		{4B40B680-A659-410E-9C98-EA1977D9EEB8}.Ad-Hoc|iPhoneSimulator.Build.0 = Debug|Any CPU
		{4B40B680-A659-410E-9C98-EA1977D9EEB8}.AppStore|Any CPU.ActiveCfg = Debug|Any CPU
		{4B40B680-A659-410E-9C98-EA1977D9EEB8}.AppStore|Any CPU.Build.0 = Debug|Any CPU
		{4B40B680-A659-410E-9C98-EA1977D9EEB8}.AppStore|iPhone.ActiveCfg = Debug|Any CPU
		{4B40B680-A659-410E-9C98-EA1977D9EEB8}.AppStore|iPhone.Build.0 = Debug|Any CPU
		{4B40B680-A659-410E-9C98-EA1977D9EEB8}.AppStore|iPhoneSimulator.ActiveCfg = Debug|Any CPU
		{4B40B680-A659-410E-9C98-EA1977D9EEB8}.AppStore|iPhoneSimulator.Build.0 = Debug|Any CPU
		{4B40B680-A659-410E-9C98-EA1977D9EEB8}.Debug|Any CPU.ActiveCfg = Debug|Any CPU
		{4B40B680-A659-410E-9C98-EA1977D9EEB8}.Debug|Any CPU.Build.0 = Debug|Any CPU
		{4B40B680-A659-410E-9C98-EA1977D9EEB8}.Debug|iPhone.ActiveCfg = Debug|Any CPU
		{4B40B680-A659-410E-9C98-EA1977D9EEB8}.Debug|iPhone.Build.0 = Debug|Any CPU
		{4B40B680-A659-410E-9C98-EA1977D9EEB8}.Debug|iPhoneSimulator.ActiveCfg = Debug|Any CPU
		{4B40B680-A659-410E-9C98-EA1977D9EEB8}.Debug|iPhoneSimulator.Build.0 = Debug|Any CPU
		{4B40B680-A659-410E-9C98-EA1977D9EEB8}.Release|Any CPU.ActiveCfg = Release|Any CPU
		{4B40B680-A659-410E-9C98-EA1977D9EEB8}.Release|Any CPU.Build.0 = Release|Any CPU
		{4B40B680-A659-410E-9C98-EA1977D9EEB8}.Release|iPhone.ActiveCfg = Release|Any CPU
		{4B40B680-A659-410E-9C98-EA1977D9EEB8}.Release|iPhone.Build.0 = Release|Any CPU
		{4B40B680-A659-410E-9C98-EA1977D9EEB8}.Release|iPhoneSimulator.ActiveCfg = Release|Any CPU
		{4B40B680-A659-410E-9C98-EA1977D9EEB8}.Release|iPhoneSimulator.Build.0 = Release|Any CPU
	EndGlobalSection
	GlobalSection(SolutionProperties) = preSolution
		HideSolutionNode = FALSE
	EndGlobalSection
	GlobalSection(NestedProjects) = preSolution
		{B7504262-4046-4DC1-B4D5-CCEBF8744F17} = {4AD3300C-317C-49A2-BCBE-DDCC77298AA9}
		{D3C5EEA8-6ECE-414C-B65D-D9B133311E94} = {A768E561-C65B-40E2-819E-694577947919}
		{FC04005B-E55E-452F-AA62-E9956F4DEA77} = {C18F2E25-B41D-4867-908E-3262558B0C14}
		{815ECFD4-467C-4C9F-93A6-F593176ABD23} = {C18F2E25-B41D-4867-908E-3262558B0C14}
		{23AF8F55-445C-453A-8DF0-95F1CF10E2DE} = {C18F2E25-B41D-4867-908E-3262558B0C14}
		{FD4516AA-020F-4A43-9981-47FB17FFEE0E} = {A768E561-C65B-40E2-819E-694577947919}
		{EBF64A90-6849-4C53-9B1A-C9795C6A4C29} = {F4C7385C-E37F-486C-BA0F-373F3348241A}
		{1C45F173-DF04-4356-BE54-5B9517FE4ABA} = {F4C7385C-E37F-486C-BA0F-373F3348241A}
		{8E8629D2-46DC-4495-A85E-A0E802249EE2} = {F4C7385C-E37F-486C-BA0F-373F3348241A}
		{AE24154A-BDCF-491B-AA8F-19436EC2E2B2} = {F4C7385C-E37F-486C-BA0F-373F3348241A}
		{F4C7385C-E37F-486C-BA0F-373F3348241A} = {B7504262-4046-4DC1-B4D5-CCEBF8744F17}
		{C18F2E25-B41D-4867-908E-3262558B0C14} = {B7504262-4046-4DC1-B4D5-CCEBF8744F17}
		{A768E561-C65B-40E2-819E-694577947919} = {B7504262-4046-4DC1-B4D5-CCEBF8744F17}
		{59674BE7-7515-436A-87EB-DEABCA5BB0A2} = {B7504262-4046-4DC1-B4D5-CCEBF8744F17}
		{4AD3300C-317C-49A2-BCBE-DDCC77298AA9} = {02E8A211-42B4-4D84-B25F-1E4C1A149B82}
		{9679B98F-CE5A-490B-B972-430B3A186705} = {02E8A211-42B4-4D84-B25F-1E4C1A149B82}
		{6022C617-4B99-4E0F-8C87-375AD9D96057} = {9679B98F-CE5A-490B-B972-430B3A186705}
		{9263F883-4BED-4962-BD10-86030D182AD3} = {9679B98F-CE5A-490B-B972-430B3A186705}
		{12CC9F9D-139F-4176-AE92-24D244663A90} = {6022C617-4B99-4E0F-8C87-375AD9D96057}
		{AF6B4C05-DFCB-494C-8F13-39E4A5D11964} = {6022C617-4B99-4E0F-8C87-375AD9D96057}
		{059719D4-CAA5-468C-8E46-A15A9FB6EFB6} = {12CC9F9D-139F-4176-AE92-24D244663A90}
		{9D67B8C3-3E2E-4D07-9DB8-2A1785111C18} = {12CC9F9D-139F-4176-AE92-24D244663A90}
		{86370E8B-257D-4173-AF51-C28157C4D179} = {AF6B4C05-DFCB-494C-8F13-39E4A5D11964}
		{E6CBBC66-C7DB-4C12-B444-FB193C8C6D05} = {AF6B4C05-DFCB-494C-8F13-39E4A5D11964}
		{1CE38DEE-2BFB-48E4-A31C-BA5AA12CAD14} = {9263F883-4BED-4962-BD10-86030D182AD3}
		{094624A0-72D9-4498-A191-7EEDBE231848} = {B7504262-4046-4DC1-B4D5-CCEBF8744F17}
		{4B40B680-A659-410E-9C98-EA1977D9EEB8} = {094624A0-72D9-4498-A191-7EEDBE231848}
	EndGlobalSection
	GlobalSection(ExtensibilityGlobals) = postSolution
		SolutionGuid = {52E7E886-0470-4688-94B6-F67CA06DEF75}
	EndGlobalSection
EndGlobal
