
Microsoft Visual Studio Solution File, Format Version 12.00
# Visual Studio 15
VisualStudioVersion = 15.0.28010.2048
MinimumVisualStudioVersion = 10.0.40219.1
Project("{2150E333-8FDC-42A3-9474-1A3956D46DE8}") = "src", "src", "{02E8A211-42B4-4D84-B25F-1E4C1A149B82}"
EndProject
Project("{2150E333-8FDC-42A3-9474-1A3956D46DE8}") = "Readings", "Readings", "{B7504262-4046-4DC1-B4D5-CCEBF8744F17}"
EndProject
Project("{9A19103F-16F7-4668-BE54-9A1E7A4F7556}") = "Readings.Contracts", "src\Services\Readings\Contracts\Readings.Contracts.csproj", "{D3C5EEA8-6ECE-414C-B65D-D9B133311E94}"
EndProject
Project("{9A19103F-16F7-4668-BE54-9A1E7A4F7556}") = "Readings.DAL.Implementations", "src\Services\Readings\DAL.Implementations\Readings.DAL.Implementations.csproj", "{FC04005B-E55E-452F-AA62-E9956F4DEA77}"
EndProject
Project("{9A19103F-16F7-4668-BE54-9A1E7A4F7556}") = "Readings.DAL.Infrastructure", "src\Services\Readings\DAL.Infrastructure\Readings.DAL.Infrastructure.csproj", "{815ECFD4-467C-4C9F-93A6-F593176ABD23}"
EndProject
Project("{9A19103F-16F7-4668-BE54-9A1E7A4F7556}") = "Readings.DAL.Intarfaces", "src\Services\Readings\DAL.Intarfaces\Readings.DAL.Intarfaces.csproj", "{23AF8F55-445C-453A-8DF0-95F1CF10E2DE}"
EndProject
Project("{9A19103F-16F7-4668-BE54-9A1E7A4F7556}") = "Readings.Domain", "src\Services\Readings\Domain\Readings.Domain.csproj", "{FD4516AA-020F-4A43-9981-47FB17FFEE0E}"
EndProject
Project("{9A19103F-16F7-4668-BE54-9A1E7A4F7556}") = "Readings.Services.DTO", "src\Services\Readings\Services.DTO\Readings.Services.DTO.csproj", "{EBF64A90-6849-4C53-9B1A-C9795C6A4C29}"
EndProject
Project("{9A19103F-16F7-4668-BE54-9A1E7A4F7556}") = "Readings.Services.Implementations", "src\Services\Readings\Services.Implementations\Readings.Services.Implementations.csproj", "{1C45F173-DF04-4356-BE54-5B9517FE4ABA}"
EndProject
Project("{9A19103F-16F7-4668-BE54-9A1E7A4F7556}") = "Readings.Services.Infrastructure", "src\Services\Readings\Services.Infrastructure\Readings.Services.Infrastructure.csproj", "{8E8629D2-46DC-4495-A85E-A0E802249EE2}"
EndProject
Project("{9A19103F-16F7-4668-BE54-9A1E7A4F7556}") = "Readings.Services.Interfaces", "src\Services\Readings\Services.Interfaces\Readings.Services.Interfaces.csproj", "{AE24154A-BDCF-491B-AA8F-19436EC2E2B2}"
EndProject
Project("{2150E333-8FDC-42A3-9474-1A3956D46DE8}") = "BLL", "BLL", "{F4C7385C-E37F-486C-BA0F-373F3348241A}"
EndProject
Project("{2150E333-8FDC-42A3-9474-1A3956D46DE8}") = "DAL", "DAL", "{C18F2E25-B41D-4867-908E-3262558B0C14}"
EndProject
Project("{2150E333-8FDC-42A3-9474-1A3956D46DE8}") = "Core", "Core", "{A768E561-C65B-40E2-819E-694577947919}"
EndProject
Project("{9A19103F-16F7-4668-BE54-9A1E7A4F7556}") = "Readings.API", "src\Services\Readings\API\Readings.API.csproj", "{59674BE7-7515-436A-87EB-DEABCA5BB0A2}"
EndProject
Global
	GlobalSection(SolutionConfigurationPlatforms) = preSolution
		Debug|Any CPU = Debug|Any CPU
		Release|Any CPU = Release|Any CPU
	EndGlobalSection
	GlobalSection(ProjectConfigurationPlatforms) = postSolution
		{D3C5EEA8-6ECE-414C-B65D-D9B133311E94}.Debug|Any CPU.ActiveCfg = Debug|Any CPU
		{D3C5EEA8-6ECE-414C-B65D-D9B133311E94}.Debug|Any CPU.Build.0 = Debug|Any CPU
		{D3C5EEA8-6ECE-414C-B65D-D9B133311E94}.Release|Any CPU.ActiveCfg = Release|Any CPU
		{D3C5EEA8-6ECE-414C-B65D-D9B133311E94}.Release|Any CPU.Build.0 = Release|Any CPU
		{FC04005B-E55E-452F-AA62-E9956F4DEA77}.Debug|Any CPU.ActiveCfg = Debug|Any CPU
		{FC04005B-E55E-452F-AA62-E9956F4DEA77}.Debug|Any CPU.Build.0 = Debug|Any CPU
		{FC04005B-E55E-452F-AA62-E9956F4DEA77}.Release|Any CPU.ActiveCfg = Release|Any CPU
		{FC04005B-E55E-452F-AA62-E9956F4DEA77}.Release|Any CPU.Build.0 = Release|Any CPU
		{815ECFD4-467C-4C9F-93A6-F593176ABD23}.Debug|Any CPU.ActiveCfg = Debug|Any CPU
		{815ECFD4-467C-4C9F-93A6-F593176ABD23}.Debug|Any CPU.Build.0 = Debug|Any CPU
		{815ECFD4-467C-4C9F-93A6-F593176ABD23}.Release|Any CPU.ActiveCfg = Release|Any CPU
		{815ECFD4-467C-4C9F-93A6-F593176ABD23}.Release|Any CPU.Build.0 = Release|Any CPU
		{23AF8F55-445C-453A-8DF0-95F1CF10E2DE}.Debug|Any CPU.ActiveCfg = Debug|Any CPU
		{23AF8F55-445C-453A-8DF0-95F1CF10E2DE}.Debug|Any CPU.Build.0 = Debug|Any CPU
		{23AF8F55-445C-453A-8DF0-95F1CF10E2DE}.Release|Any CPU.ActiveCfg = Release|Any CPU
		{23AF8F55-445C-453A-8DF0-95F1CF10E2DE}.Release|Any CPU.Build.0 = Release|Any CPU
		{FD4516AA-020F-4A43-9981-47FB17FFEE0E}.Debug|Any CPU.ActiveCfg = Debug|Any CPU
		{FD4516AA-020F-4A43-9981-47FB17FFEE0E}.Debug|Any CPU.Build.0 = Debug|Any CPU
		{FD4516AA-020F-4A43-9981-47FB17FFEE0E}.Release|Any CPU.ActiveCfg = Release|Any CPU
		{FD4516AA-020F-4A43-9981-47FB17FFEE0E}.Release|Any CPU.Build.0 = Release|Any CPU
		{EBF64A90-6849-4C53-9B1A-C9795C6A4C29}.Debug|Any CPU.ActiveCfg = Debug|Any CPU
		{EBF64A90-6849-4C53-9B1A-C9795C6A4C29}.Debug|Any CPU.Build.0 = Debug|Any CPU
		{EBF64A90-6849-4C53-9B1A-C9795C6A4C29}.Release|Any CPU.ActiveCfg = Release|Any CPU
		{EBF64A90-6849-4C53-9B1A-C9795C6A4C29}.Release|Any CPU.Build.0 = Release|Any CPU
		{1C45F173-DF04-4356-BE54-5B9517FE4ABA}.Debug|Any CPU.ActiveCfg = Debug|Any CPU
		{1C45F173-DF04-4356-BE54-5B9517FE4ABA}.Debug|Any CPU.Build.0 = Debug|Any CPU
		{1C45F173-DF04-4356-BE54-5B9517FE4ABA}.Release|Any CPU.ActiveCfg = Release|Any CPU
		{1C45F173-DF04-4356-BE54-5B9517FE4ABA}.Release|Any CPU.Build.0 = Release|Any CPU
		{8E8629D2-46DC-4495-A85E-A0E802249EE2}.Debug|Any CPU.ActiveCfg = Debug|Any CPU
		{8E8629D2-46DC-4495-A85E-A0E802249EE2}.Debug|Any CPU.Build.0 = Debug|Any CPU
		{8E8629D2-46DC-4495-A85E-A0E802249EE2}.Release|Any CPU.ActiveCfg = Release|Any CPU
		{8E8629D2-46DC-4495-A85E-A0E802249EE2}.Release|Any CPU.Build.0 = Release|Any CPU
		{AE24154A-BDCF-491B-AA8F-19436EC2E2B2}.Debug|Any CPU.ActiveCfg = Debug|Any CPU
		{AE24154A-BDCF-491B-AA8F-19436EC2E2B2}.Debug|Any CPU.Build.0 = Debug|Any CPU
		{AE24154A-BDCF-491B-AA8F-19436EC2E2B2}.Release|Any CPU.ActiveCfg = Release|Any CPU
		{AE24154A-BDCF-491B-AA8F-19436EC2E2B2}.Release|Any CPU.Build.0 = Release|Any CPU
		{59674BE7-7515-436A-87EB-DEABCA5BB0A2}.Debug|Any CPU.ActiveCfg = Debug|Any CPU
		{59674BE7-7515-436A-87EB-DEABCA5BB0A2}.Debug|Any CPU.Build.0 = Debug|Any CPU
		{59674BE7-7515-436A-87EB-DEABCA5BB0A2}.Release|Any CPU.ActiveCfg = Release|Any CPU
		{59674BE7-7515-436A-87EB-DEABCA5BB0A2}.Release|Any CPU.Build.0 = Release|Any CPU
	EndGlobalSection
	GlobalSection(SolutionProperties) = preSolution
		HideSolutionNode = FALSE
	EndGlobalSection
	GlobalSection(NestedProjects) = preSolution
		{B7504262-4046-4DC1-B4D5-CCEBF8744F17} = {02E8A211-42B4-4D84-B25F-1E4C1A149B82}
		{D3C5EEA8-6ECE-414C-B65D-D9B133311E94} = {A768E561-C65B-40E2-819E-694577947919}
		{FC04005B-E55E-452F-AA62-E9956F4DEA77} = {C18F2E25-B41D-4867-908E-3262558B0C14}
		{815ECFD4-467C-4C9F-93A6-F593176ABD23} = {C18F2E25-B41D-4867-908E-3262558B0C14}
		{23AF8F55-445C-453A-8DF0-95F1CF10E2DE} = {C18F2E25-B41D-4867-908E-3262558B0C14}
		{FD4516AA-020F-4A43-9981-47FB17FFEE0E} = {A768E561-C65B-40E2-819E-694577947919}
		{EBF64A90-6849-4C53-9B1A-C9795C6A4C29} = {F4C7385C-E37F-486C-BA0F-373F3348241A}
		{1C45F173-DF04-4356-BE54-5B9517FE4ABA} = {F4C7385C-E37F-486C-BA0F-373F3348241A}
		{8E8629D2-46DC-4495-A85E-A0E802249EE2} = {F4C7385C-E37F-486C-BA0F-373F3348241A}
		{AE24154A-BDCF-491B-AA8F-19436EC2E2B2} = {F4C7385C-E37F-486C-BA0F-373F3348241A}
		{F4C7385C-E37F-486C-BA0F-373F3348241A} = {B7504262-4046-4DC1-B4D5-CCEBF8744F17}
		{C18F2E25-B41D-4867-908E-3262558B0C14} = {B7504262-4046-4DC1-B4D5-CCEBF8744F17}
		{A768E561-C65B-40E2-819E-694577947919} = {B7504262-4046-4DC1-B4D5-CCEBF8744F17}
		{59674BE7-7515-436A-87EB-DEABCA5BB0A2} = {B7504262-4046-4DC1-B4D5-CCEBF8744F17}
	EndGlobalSection
	GlobalSection(ExtensibilityGlobals) = postSolution
		SolutionGuid = {52E7E886-0470-4688-94B6-F67CA06DEF75}
	EndGlobalSection
EndGlobal
