
Microsoft Visual Studio Solution File, Format Version 12.00
# Visual Studio 15
VisualStudioVersion = 15.0.28010.2048
MinimumVisualStudioVersion = 10.0.40219.1
Project("{FAE04EC0-301F-11D3-BF4B-00C04F79EFBC}") = "Shared.Core", "Shared.Core\Shared.Core.csproj", "{B3C9814F-A923-4975-A929-EAC2C6267758}"
EndProject
Global
	GlobalSection(SolutionConfigurationPlatforms) = preSolution
		Debug|Any CPU = Debug|Any CPU
		Release|Any CPU = Release|Any CPU
	EndGlobalSection
	GlobalSection(ProjectConfigurationPlatforms) = postSolution
		{B3C9814F-A923-4975-A929-EAC2C6267758}.Debug|Any CPU.ActiveCfg = Debug|Any CPU
		{B3C9814F-A923-4975-A929-EAC2C6267758}.Debug|Any CPU.Build.0 = Debug|Any CPU
		{B3C9814F-A923-4975-A929-EAC2C6267758}.Release|Any CPU.ActiveCfg = Release|Any CPU
		{B3C9814F-A923-4975-A929-EAC2C6267758}.Release|Any CPU.Build.0 = Release|Any CPU
	EndGlobalSection
	GlobalSection(SolutionProperties) = preSolution
		HideSolutionNode = FALSE
	EndGlobalSection
	GlobalSection(ExtensibilityGlobals) = postSolution
		SolutionGuid = {52E7E886-0470-4688-94B6-F67CA06DEF75}
	EndGlobalSection
EndGlobal
